// !$*UTF8*$!
{
	archiveVersion = 1;
	classes = {
	};
	objectVersion = 50;
	objects = {

/* Begin PBXBuildFile section */
		5B4822F122D999B80056991F /* AppDelegate.swift in Sources */ = {isa = PBXBuildFile; fileRef = 5B4822F022D999B80056991F /* AppDelegate.swift */; };
		5B4822F322D999B80056991F /* ViewController.swift in Sources */ = {isa = PBXBuildFile; fileRef = 5B4822F222D999B80056991F /* ViewController.swift */; };
		5B4822F622D999B80056991F /* Main.storyboard in Resources */ = {isa = PBXBuildFile; fileRef = 5B4822F422D999B80056991F /* Main.storyboard */; };
		5B4822F822D999BA0056991F /* Assets.xcassets in Resources */ = {isa = PBXBuildFile; fileRef = 5B4822F722D999BA0056991F /* Assets.xcassets */; };
		5B4822FB22D999BA0056991F /* LaunchScreen.storyboard in Resources */ = {isa = PBXBuildFile; fileRef = 5B4822F922D999BA0056991F /* LaunchScreen.storyboard */; };
		5B48230622D999BA0056991F /* OutPutKeeperTests.swift in Sources */ = {isa = PBXBuildFile; fileRef = 5B48230522D999BA0056991F /* OutPutKeeperTests.swift */; };
/* End PBXBuildFile section */

/* Begin PBXContainerItemProxy section */
		5B48230222D999BA0056991F /* PBXContainerItemProxy */ = {
			isa = PBXContainerItemProxy;
			containerPortal = 5B4822E522D999B80056991F /* Project object */;
			proxyType = 1;
			remoteGlobalIDString = 5B4822EC22D999B80056991F;
			remoteInfo = OutPutKeeper;
		};
/* End PBXContainerItemProxy section */

/* Begin PBXFileReference section */
		5B4822ED22D999B80056991F /* OutPutKeeper.app */ = {isa = PBXFileReference; explicitFileType = wrapper.application; includeInIndex = 0; path = OutPutKeeper.app; sourceTree = BUILT_PRODUCTS_DIR; };
		5B4822F022D999B80056991F /* AppDelegate.swift */ = {isa = PBXFileReference; lastKnownFileType = sourcecode.swift; path = AppDelegate.swift; sourceTree = "<group>"; };
		5B4822F222D999B80056991F /* ViewController.swift */ = {isa = PBXFileReference; lastKnownFileType = sourcecode.swift; path = ViewController.swift; sourceTree = "<group>"; };
		5B4822F522D999B80056991F /* Base */ = {isa = PBXFileReference; lastKnownFileType = file.storyboard; name = Base; path = Base.lproj/Main.storyboard; sourceTree = "<group>"; };
		5B4822F722D999BA0056991F /* Assets.xcassets */ = {isa = PBXFileReference; lastKnownFileType = folder.assetcatalog; path = Assets.xcassets; sourceTree = "<group>"; };
		5B4822FA22D999BA0056991F /* Base */ = {isa = PBXFileReference; lastKnownFileType = file.storyboard; name = Base; path = Base.lproj/LaunchScreen.storyboard; sourceTree = "<group>"; };
		5B4822FC22D999BA0056991F /* Info.plist */ = {isa = PBXFileReference; lastKnownFileType = text.plist.xml; path = Info.plist; sourceTree = "<group>"; };
		5B48230122D999BA0056991F /* OutPutKeeperTests.xctest */ = {isa = PBXFileReference; explicitFileType = wrapper.cfbundle; includeInIndex = 0; path = OutPutKeeperTests.xctest; sourceTree = BUILT_PRODUCTS_DIR; };
		5B48230522D999BA0056991F /* OutPutKeeperTests.swift */ = {isa = PBXFileReference; lastKnownFileType = sourcecode.swift; path = OutPutKeeperTests.swift; sourceTree = "<group>"; };
		5B48230722D999BA0056991F /* Info.plist */ = {isa = PBXFileReference; lastKnownFileType = text.plist.xml; path = Info.plist; sourceTree = "<group>"; };
/* End PBXFileReference section */

/* Begin PBXFrameworksBuildPhase section */
		5B4822EA22D999B80056991F /* Frameworks */ = {
			isa = PBXFrameworksBuildPhase;
			buildActionMask = 2147483647;
			files = (
			);
			runOnlyForDeploymentPostprocessing = 0;
		};
		5B4822FE22D999BA0056991F /* Frameworks */ = {
			isa = PBXFrameworksBuildPhase;
			buildActionMask = 2147483647;
			files = (
			);
			runOnlyForDeploymentPostprocessing = 0;
		};
/* End PBXFrameworksBuildPhase section */

/* Begin PBXGroup section */
		5B4822E422D999B80056991F = {
			isa = PBXGroup;
			children = (
				5B4822EF22D999B80056991F /* OutPutKeeper */,
				5B48230422D999BA0056991F /* OutPutKeeperTests */,
				5B4822EE22D999B80056991F /* Products */,
			);
			sourceTree = "<group>";
		};
		5B4822EE22D999B80056991F /* Products */ = {
			isa = PBXGroup;
			children = (
				5B4822ED22D999B80056991F /* OutPutKeeper.app */,
				5B48230122D999BA0056991F /* OutPutKeeperTests.xctest */,
			);
			name = Products;
			sourceTree = "<group>";
		};
		5B4822EF22D999B80056991F /* OutPutKeeper */ = {
			isa = PBXGroup;
			children = (
				5B4822F022D999B80056991F /* AppDelegate.swift */,
				5B4822F222D999B80056991F /* ViewController.swift */,
				5B4822F422D999B80056991F /* Main.storyboard */,
				5B4822F722D999BA0056991F /* Assets.xcassets */,
				5B4822F922D999BA0056991F /* LaunchScreen.storyboard */,
				5B4822FC22D999BA0056991F /* Info.plist */,
			);
			path = OutPutKeeper;
			sourceTree = "<group>";
		};
		5B48230422D999BA0056991F /* OutPutKeeperTests */ = {
			isa = PBXGroup;
			children = (
				5B48230522D999BA0056991F /* OutPutKeeperTests.swift */,
				5B48230722D999BA0056991F /* Info.plist */,
			);
			path = OutPutKeeperTests;
			sourceTree = "<group>";
		};
/* End PBXGroup section */

/* Begin PBXNativeTarget section */
		5B4822EC22D999B80056991F /* OutPutKeeper */ = {
			isa = PBXNativeTarget;
			buildConfigurationList = 5B48230A22D999BA0056991F /* Build configuration list for PBXNativeTarget "OutPutKeeper" */;
			buildPhases = (
				5B4822E922D999B80056991F /* Sources */,
				5B4822EA22D999B80056991F /* Frameworks */,
				5B4822EB22D999B80056991F /* Resources */,
			);
			buildRules = (
			);
			dependencies = (
			);
			name = OutPutKeeper;
			productName = OutPutKeeper;
			productReference = 5B4822ED22D999B80056991F /* OutPutKeeper.app */;
			productType = "com.apple.product-type.application";
		};
		5B48230022D999BA0056991F /* OutPutKeeperTests */ = {
			isa = PBXNativeTarget;
			buildConfigurationList = 5B48230D22D999BA0056991F /* Build configuration list for PBXNativeTarget "OutPutKeeperTests" */;
			buildPhases = (
				5B4822FD22D999BA0056991F /* Sources */,
				5B4822FE22D999BA0056991F /* Frameworks */,
				5B4822FF22D999BA0056991F /* Resources */,
			);
			buildRules = (
			);
			dependencies = (
				5B48230322D999BA0056991F /* PBXTargetDependency */,
			);
			name = OutPutKeeperTests;
			productName = OutPutKeeperTests;
			productReference = 5B48230122D999BA0056991F /* OutPutKeeperTests.xctest */;
			productType = "com.apple.product-type.bundle.unit-test";
		};
/* End PBXNativeTarget section */

/* Begin PBXProject section */
		5B4822E522D999B80056991F /* Project object */ = {
			isa = PBXProject;
			attributes = {
				LastSwiftUpdateCheck = 1020;
				LastUpgradeCheck = 1020;
				ORGANIZATIONNAME = "Iichiro Kawashima";
				TargetAttributes = {
					5B4822EC22D999B80056991F = {
						CreatedOnToolsVersion = 10.2.1;
					};
					5B48230022D999BA0056991F = {
						CreatedOnToolsVersion = 10.2.1;
						TestTargetID = 5B4822EC22D999B80056991F;
					};
				};
			};
			buildConfigurationList = 5B4822E822D999B80056991F /* Build configuration list for PBXProject "OutPutKeeper" */;
			compatibilityVersion = "Xcode 9.3";
			developmentRegion = en;
			hasScannedForEncodings = 0;
			knownRegions = (
				en,
				Base,
			);
			mainGroup = 5B4822E422D999B80056991F;
			productRefGroup = 5B4822EE22D999B80056991F /* Products */;
			projectDirPath = "";
			projectRoot = "";
			targets = (
				5B4822EC22D999B80056991F /* OutPutKeeper */,
				5B48230022D999BA0056991F /* OutPutKeeperTests */,
			);
		};
/* End PBXProject section */

/* Begin PBXResourcesBuildPhase section */
		5B4822EB22D999B80056991F /* Resources */ = {
			isa = PBXResourcesBuildPhase;
			buildActionMask = 2147483647;
			files = (
				5B4822FB22D999BA0056991F /* LaunchScreen.storyboard in Resources */,
				5B4822F822D999BA0056991F /* Assets.xcassets in Resources */,
				5B4822F622D999B80056991F /* Main.storyboard in Resources */,
			);
			runOnlyForDeploymentPostprocessing = 0;
		};
		5B4822FF22D999BA0056991F /* Resources */ = {
			isa = PBXResourcesBuildPhase;
			buildActionMask = 2147483647;
			files = (
			);
			runOnlyForDeploymentPostprocessing = 0;
		};
/* End PBXResourcesBuildPhase section */

/* Begin PBXSourcesBuildPhase section */
		5B4822E922D999B80056991F /* Sources */ = {
			isa = PBXSourcesBuildPhase;
			buildActionMask = 2147483647;
			files = (
				5B4822F322D999B80056991F /* ViewController.swift in Sources */,
				5B4822F122D999B80056991F /* AppDelegate.swift in Sources */,
			);
			runOnlyForDeploymentPostprocessing = 0;
		};
		5B4822FD22D999BA0056991F /* Sources */ = {
			isa = PBXSourcesBuildPhase;
			buildActionMask = 2147483647;
			files = (
				5B48230622D999BA0056991F /* OutPutKeeperTests.swift in Sources */,
			);
			runOnlyForDeploymentPostprocessing = 0;
		};
/* End PBXSourcesBuildPhase section */

/* Begin PBXTargetDependency section */
		5B48230322D999BA0056991F /* PBXTargetDependency */ = {
			isa = PBXTargetDependency;
			target = 5B4822EC22D999B80056991F /* OutPutKeeper */;
			targetProxy = 5B48230222D999BA0056991F /* PBXContainerItemProxy */;
		};
/* End PBXTargetDependency section */

/* Begin PBXVariantGroup section */
		5B4822F422D999B80056991F /* Main.storyboard */ = {
			isa = PBXVariantGroup;
			children = (
				5B4822F522D999B80056991F /* Base */,
			);
			name = Main.storyboard;
			sourceTree = "<group>";
		};
		5B4822F922D999BA0056991F /* LaunchScreen.storyboard */ = {
			isa = PBXVariantGroup;
			children = (
				5B4822FA22D999BA0056991F /* Base */,
			);
			name = LaunchScreen.storyboard;
			sourceTree = "<group>";
		};
/* End PBXVariantGroup section */

/* Begin XCBuildConfiguration section */
		5B48230822D999BA0056991F /* Debug */ = {
			isa = XCBuildConfiguration;
			buildSettings = {
				ALWAYS_SEARCH_USER_PATHS = NO;
				CLANG_ANALYZER_NONNULL = YES;
				CLANG_ANALYZER_NUMBER_OBJECT_CONVERSION = YES_AGGRESSIVE;
				CLANG_CXX_LANGUAGE_STANDARD = "gnu++14";
				CLANG_CXX_LIBRARY = "libc++";
				CLANG_ENABLE_MODULES = YES;
				CLANG_ENABLE_OBJC_ARC = YES;
				CLANG_ENABLE_OBJC_WEAK = YES;
				CLANG_WARN_BLOCK_CAPTURE_AUTORELEASING = YES;
				CLANG_WARN_BOOL_CONVERSION = YES;
				CLANG_WARN_COMMA = YES;
				CLANG_WARN_CONSTANT_CONVERSION = YES;
				CLANG_WARN_DEPRECATED_OBJC_IMPLEMENTATIONS = YES;
				CLANG_WARN_DIRECT_OBJC_ISA_USAGE = YES_ERROR;
				CLANG_WARN_DOCUMENTATION_COMMENTS = YES;
				CLANG_WARN_EMPTY_BODY = YES;
				CLANG_WARN_ENUM_CONVERSION = YES;
				CLANG_WARN_INFINITE_RECURSION = YES;
				CLANG_WARN_INT_CONVERSION = YES;
				CLANG_WARN_NON_LITERAL_NULL_CONVERSION = YES;
				CLANG_WARN_OBJC_IMPLICIT_RETAIN_SELF = YES;
				CLANG_WARN_OBJC_LITERAL_CONVERSION = YES;
				CLANG_WARN_OBJC_ROOT_CLASS = YES_ERROR;
				CLANG_WARN_RANGE_LOOP_ANALYSIS = YES;
				CLANG_WARN_STRICT_PROTOTYPES = YES;
				CLANG_WARN_SUSPICIOUS_MOVE = YES;
				CLANG_WARN_UNGUARDED_AVAILABILITY = YES_AGGRESSIVE;
				CLANG_WARN_UNREACHABLE_CODE = YES;
				CLANG_WARN__DUPLICATE_METHOD_MATCH = YES;
				CODE_SIGN_IDENTITY = "iPhone Developer";
				COPY_PHASE_STRIP = NO;
				DEBUG_INFORMATION_FORMAT = dwarf;
				ENABLE_STRICT_OBJC_MSGSEND = YES;
				ENABLE_TESTABILITY = YES;
				GCC_C_LANGUAGE_STANDARD = gnu11;
				GCC_DYNAMIC_NO_PIC = NO;
				GCC_NO_COMMON_BLOCKS = YES;
				GCC_OPTIMIZATION_LEVEL = 0;
				GCC_PREPROCESSOR_DEFINITIONS = (
					"DEBUG=1",
					"$(inherited)",
				);
				GCC_WARN_64_TO_32_BIT_CONVERSION = YES;
				GCC_WARN_ABOUT_RETURN_TYPE = YES_ERROR;
				GCC_WARN_UNDECLARED_SELECTOR = YES;
				GCC_WARN_UNINITIALIZED_AUTOS = YES_AGGRESSIVE;
				GCC_WARN_UNUSED_FUNCTION = YES;
				GCC_WARN_UNUSED_VARIABLE = YES;
				IPHONEOS_DEPLOYMENT_TARGET = 12.2;
				MTL_ENABLE_DEBUG_INFO = INCLUDE_SOURCE;
				MTL_FAST_MATH = YES;
				ONLY_ACTIVE_ARCH = YES;
				SDKROOT = iphoneos;
				SWIFT_ACTIVE_COMPILATION_CONDITIONS = DEBUG;
				SWIFT_OPTIMIZATION_LEVEL = "-Onone";
			};
			name = Debug;
		};
		5B48230922D999BA0056991F /* Release */ = {
			isa = XCBuildConfiguration;
			buildSettings = {
				ALWAYS_SEARCH_USER_PATHS = NO;
				CLANG_ANALYZER_NONNULL = YES;
				CLANG_ANALYZER_NUMBER_OBJECT_CONVERSION = YES_AGGRESSIVE;
				CLANG_CXX_LANGUAGE_STANDARD = "gnu++14";
				CLANG_CXX_LIBRARY = "libc++";
				CLANG_ENABLE_MODULES = YES;
				CLANG_ENABLE_OBJC_ARC = YES;
				CLANG_ENABLE_OBJC_WEAK = YES;
				CLANG_WARN_BLOCK_CAPTURE_AUTORELEASING = YES;
				CLANG_WARN_BOOL_CONVERSION = YES;
				CLANG_WARN_COMMA = YES;
				CLANG_WARN_CONSTANT_CONVERSION = YES;
				CLANG_WARN_DEPRECATED_OBJC_IMPLEMENTATIONS = YES;
				CLANG_WARN_DIRECT_OBJC_ISA_USAGE = YES_ERROR;
				CLANG_WARN_DOCUMENTATION_COMMENTS = YES;
				CLANG_WARN_EMPTY_BODY = YES;
				CLANG_WARN_ENUM_CONVERSION = YES;
				CLANG_WARN_INFINITE_RECURSION = YES;
				CLANG_WARN_INT_CONVERSION = YES;
				CLANG_WARN_NON_LITERAL_NULL_CONVERSION = YES;
				CLANG_WARN_OBJC_IMPLICIT_RETAIN_SELF = YES;
				CLANG_WARN_OBJC_LITERAL_CONVERSION = YES;
				CLANG_WARN_OBJC_ROOT_CLASS = YES_ERROR;
				CLANG_WARN_RANGE_LOOP_ANALYSIS = YES;
				CLANG_WARN_STRICT_PROTOTYPES = YES;
				CLANG_WARN_SUSPICIOUS_MOVE = YES;
				CLANG_WARN_UNGUARDED_AVAILABILITY = YES_AGGRESSIVE;
				CLANG_WARN_UNREACHABLE_CODE = YES;
				CLANG_WARN__DUPLICATE_METHOD_MATCH = YES;
				CODE_SIGN_IDENTITY = "iPhone Developer";
				COPY_PHASE_STRIP = NO;
				DEBUG_INFORMATION_FORMAT = "dwarf-with-dsym";
				ENABLE_NS_ASSERTIONS = NO;
				ENABLE_STRICT_OBJC_MSGSEND = YES;
				GCC_C_LANGUAGE_STANDARD = gnu11;
				GCC_NO_COMMON_BLOCKS = YES;
				GCC_WARN_64_TO_32_BIT_CONVERSION = YES;
				GCC_WARN_ABOUT_RETURN_TYPE = YES_ERROR;
				GCC_WARN_UNDECLARED_SELECTOR = YES;
				GCC_WARN_UNINITIALIZED_AUTOS = YES_AGGRESSIVE;
				GCC_WARN_UNUSED_FUNCTION = YES;
				GCC_WARN_UNUSED_VARIABLE = YES;
				IPHONEOS_DEPLOYMENT_TARGET = 12.2;
				MTL_ENABLE_DEBUG_INFO = NO;
				MTL_FAST_MATH = YES;
				SDKROOT = iphoneos;
				SWIFT_COMPILATION_MODE = wholemodule;
				SWIFT_OPTIMIZATION_LEVEL = "-O";
				VALIDATE_PRODUCT = YES;
			};
			name = Release;
		};
		5B48230B22D999BA0056991F /* Debug */ = {
			isa = XCBuildConfiguration;
			buildSettings = {
				ASSETCATALOG_COMPILER_APPICON_NAME = AppIcon;
				CODE_SIGN_STYLE = Automatic;
				DEVELOPMENT_TEAM = PGP7B8YQAS;
				INFOPLIST_FILE = OutPutKeeper/Info.plist;
				LD_RUNPATH_SEARCH_PATHS = (
					"$(inherited)",
					"@executable_path/Frameworks",
				);
				PRODUCT_BUNDLE_IDENTIFIER = com.IichiroKawashima.OutPutKeeper;
				PRODUCT_NAME = "$(TARGET_NAME)";
				SWIFT_VERSION = 5.0;
				TARGETED_DEVICE_FAMILY = "1,2";
			};
			name = Debug;
		};
		5B48230C22D999BA0056991F /* Release */ = {
			isa = XCBuildConfiguration;
			buildSettings = {
				ASSETCATALOG_COMPILER_APPICON_NAME = AppIcon;
				CODE_SIGN_STYLE = Automatic;
				DEVELOPMENT_TEAM = PGP7B8YQAS;
				INFOPLIST_FILE = OutPutKeeper/Info.plist;
				LD_RUNPATH_SEARCH_PATHS = (
					"$(inherited)",
					"@executable_path/Frameworks",
				);
				PRODUCT_BUNDLE_IDENTIFIER = com.IichiroKawashima.OutPutKeeper;
				PRODUCT_NAME = "$(TARGET_NAME)";
				SWIFT_VERSION = 5.0;
				TARGETED_DEVICE_FAMILY = "1,2";
			};
			name = Release;
		};
		5B48230E22D999BA0056991F /* Debug */ = {
			isa = XCBuildConfiguration;
			buildSettings = {
				ALWAYS_EMBED_SWIFT_STANDARD_LIBRARIES = YES;
				BUNDLE_LOADER = "$(TEST_HOST)";
				CODE_SIGN_STYLE = Automatic;
				DEVELOPMENT_TEAM = PGP7B8YQAS;
				INFOPLIST_FILE = OutPutKeeperTests/Info.plist;
				LD_RUNPATH_SEARCH_PATHS = (
					"$(inherited)",
					"@executable_path/Frameworks",
					"@loader_path/Frameworks",
				);
				PRODUCT_BUNDLE_IDENTIFIER = com.IichiroKawashima.OutPutKeeperTests;
				PRODUCT_NAME = "$(TARGET_NAME)";
				SWIFT_VERSION = 5.0;
				TARGETED_DEVICE_FAMILY = "1,2";
				TEST_HOST = "$(BUILT_PRODUCTS_DIR)/OutPutKeeper.app/OutPutKeeper";
			};
			name = Debug;
		};
		5B48230F22D999BA0056991F /* Release */ = {
			isa = XCBuildConfiguration;
			buildSettings = {
				ALWAYS_EMBED_SWIFT_STANDARD_LIBRARIES = YES;
				BUNDLE_LOADER = "$(TEST_HOST)";
				CODE_SIGN_STYLE = Automatic;
				DEVELOPMENT_TEAM = PGP7B8YQAS;
				INFOPLIST_FILE = OutPutKeeperTests/Info.plist;
				LD_RUNPATH_SEARCH_PATHS = (
					"$(inherited)",
					"@executable_path/Frameworks",
					"@loader_path/Frameworks",
				);
				PRODUCT_BUNDLE_IDENTIFIER = com.IichiroKawashima.OutPutKeeperTests;
				PRODUCT_NAME = "$(TARGET_NAME)";
				SWIFT_VERSION = 5.0;
				TARGETED_DEVICE_FAMILY = "1,2";
				TEST_HOST = "$(BUILT_PRODUCTS_DIR)/OutPutKeeper.app/OutPutKeeper";
			};
			name = Release;
		};
/* End XCBuildConfiguration section */

/* Begin XCConfigurationList section */
		5B4822E822D999B80056991F /* Build configuration list for PBXProject "OutPutKeeper" */ = {
			isa = XCConfigurationList;
			buildConfigurations = (
				5B48230822D999BA0056991F /* Debug */,
				5B48230922D999BA0056991F /* Release */,
			);
			defaultConfigurationIsVisible = 0;
			defaultConfigurationName = Release;
		};
		5B48230A22D999BA0056991F /* Build configuration list for PBXNativeTarget "OutPutKeeper" */ = {
			isa = XCConfigurationList;
			buildConfigurations = (
				5B48230B22D999BA0056991F /* Debug */,
				5B48230C22D999BA0056991F /* Release */,
			);
			defaultConfigurationIsVisible = 0;
			defaultConfigurationName = Release;
		};
		5B48230D22D999BA0056991F /* Build configuration list for PBXNativeTarget "OutPutKeeperTests" */ = {
			isa = XCConfigurationList;
			buildConfigurations = (
				5B48230E22D999BA0056991F /* Debug */,
				5B48230F22D999BA0056991F /* Release */,
			);
			defaultConfigurationIsVisible = 0;
			defaultConfigurationName = Release;
		};
/* End XCConfigurationList section */
	};
	rootObject = 5B4822E522D999B80056991F /* Project object */;
}
