// !$*UTF8*$!
{
	archiveVersion = 1;
	classes = {
	};
	objectVersion = 51;
	objects = {

/* Begin PBXBuildFile section */
		5B2D6B37233D177400588F14 /* Nimble.framework in Frameworks */ = {isa = PBXBuildFile; fileRef = 5B2D6B13233D177300588F14 /* Nimble.framework */; };
		5B2D6B38233D177400588F14 /* RxSwift.framework in Frameworks */ = {isa = PBXBuildFile; fileRef = 5B2D6B14233D177300588F14 /* RxSwift.framework */; };
		5B2D6B39233D177400588F14 /* FirebaseInstanceID.framework in Frameworks */ = {isa = PBXBuildFile; fileRef = 5B2D6B15233D177300588F14 /* FirebaseInstanceID.framework */; };
		5B2D6B3A233D177400588F14 /* nanopb.framework in Frameworks */ = {isa = PBXBuildFile; fileRef = 5B2D6B16233D177300588F14 /* nanopb.framework */; };
		5B2D6B3B233D177400588F14 /* gRPC-Core.framework in Frameworks */ = {isa = PBXBuildFile; fileRef = 5B2D6B17233D177300588F14 /* gRPC-Core.framework */; };
		5B2D6B3C233D177400588F14 /* gRPC-C++.framework in Frameworks */ = {isa = PBXBuildFile; fileRef = 5B2D6B18233D177300588F14 /* gRPC-C++.framework */; };
		5B2D6B3D233D177400588F14 /* Lottie.framework in Frameworks */ = {isa = PBXBuildFile; fileRef = 5B2D6B19233D177300588F14 /* Lottie.framework */; };
		5B2D6B3E233D177400588F14 /* GTMAppAuth.framework in Frameworks */ = {isa = PBXBuildFile; fileRef = 5B2D6B1A233D177300588F14 /* GTMAppAuth.framework */; };
		5B2D6B3F233D177400588F14 /* Firebase.framework in Frameworks */ = {isa = PBXBuildFile; fileRef = 5B2D6B1B233D177300588F14 /* Firebase.framework */; };
		5B2D6B40233D177400588F14 /* GoogleAppMeasurement.framework in Frameworks */ = {isa = PBXBuildFile; fileRef = 5B2D6B1C233D177300588F14 /* GoogleAppMeasurement.framework */; };
		5B2D6B41233D177400588F14 /* leveldb-library.framework in Frameworks */ = {isa = PBXBuildFile; fileRef = 5B2D6B1D233D177300588F14 /* leveldb-library.framework */; };
		5B2D6B42233D177400588F14 /* GoogleDataTransportCCTSupport.framework in Frameworks */ = {isa = PBXBuildFile; fileRef = 5B2D6B1E233D177300588F14 /* GoogleDataTransportCCTSupport.framework */; };
		5B2D6B43233D177400588F14 /* GTMSessionFetcher.framework in Frameworks */ = {isa = PBXBuildFile; fileRef = 5B2D6B1F233D177400588F14 /* GTMSessionFetcher.framework */; };
		5B2D6B45233D177500588F14 /* Quick.framework in Frameworks */ = {isa = PBXBuildFile; fileRef = 5B2D6B21233D177400588F14 /* Quick.framework */; };
		5B2D6B46233D177500588F14 /* RxRelay.framework in Frameworks */ = {isa = PBXBuildFile; fileRef = 5B2D6B22233D177400588F14 /* RxRelay.framework */; };
		5B2D6B47233D177500588F14 /* AppAuth.framework in Frameworks */ = {isa = PBXBuildFile; fileRef = 5B2D6B23233D177400588F14 /* AppAuth.framework */; };
		5B2D6B48233D177500588F14 /* FirebaseFirestore.framework in Frameworks */ = {isa = PBXBuildFile; fileRef = 5B2D6B24233D177400588F14 /* FirebaseFirestore.framework */; };
		5B2D6B49233D177500588F14 /* FirebaseDynamicLinks.framework in Frameworks */ = {isa = PBXBuildFile; fileRef = 5B2D6B25233D177400588F14 /* FirebaseDynamicLinks.framework */; };
		5B2D6B4A233D177500588F14 /* GoogleDataTransport.framework in Frameworks */ = {isa = PBXBuildFile; fileRef = 5B2D6B26233D177400588F14 /* GoogleDataTransport.framework */; };
		5B2D6B4B233D177500588F14 /* RxCocoa.framework in Frameworks */ = {isa = PBXBuildFile; fileRef = 5B2D6B27233D177400588F14 /* RxCocoa.framework */; };
		5B2D6B4C233D177500588F14 /* FIRAnalyticsConnector.framework in Frameworks */ = {isa = PBXBuildFile; fileRef = 5B2D6B28233D177400588F14 /* FIRAnalyticsConnector.framework */; };
		5B2D6B4D233D177500588F14 /* FirebaseCore.framework in Frameworks */ = {isa = PBXBuildFile; fileRef = 5B2D6B29233D177400588F14 /* FirebaseCore.framework */; };
		5B2D6B4F233D177500588F14 /* GoogleUtilities.framework in Frameworks */ = {isa = PBXBuildFile; fileRef = 5B2D6B2B233D177400588F14 /* GoogleUtilities.framework */; };
		5B2D6B51233D177500588F14 /* FirebaseDatabase.framework in Frameworks */ = {isa = PBXBuildFile; fileRef = 5B2D6B2D233D177400588F14 /* FirebaseDatabase.framework */; };
		5B2D6B53233D177500588F14 /* FirebaseCoreDiagnostics.framework in Frameworks */ = {isa = PBXBuildFile; fileRef = 5B2D6B2F233D177400588F14 /* FirebaseCoreDiagnostics.framework */; };
		5B2D6B54233D177500588F14 /* FirebaseAnalytics.framework in Frameworks */ = {isa = PBXBuildFile; fileRef = 5B2D6B30233D177400588F14 /* FirebaseAnalytics.framework */; };
		5B2D6B55233D177500588F14 /* BoringSSL-GRPC.framework in Frameworks */ = {isa = PBXBuildFile; fileRef = 5B2D6B31233D177400588F14 /* BoringSSL-GRPC.framework */; };
		5B2D6B56233D177500588F14 /* FirebaseAuth.framework in Frameworks */ = {isa = PBXBuildFile; fileRef = 5B2D6B32233D177400588F14 /* FirebaseAuth.framework */; };
		5B2D6B57233D177500588F14 /* Nuke.framework in Frameworks */ = {isa = PBXBuildFile; fileRef = 5B2D6B33233D177400588F14 /* Nuke.framework */; };
		5B2D6B58233D177500588F14 /* Protobuf.framework in Frameworks */ = {isa = PBXBuildFile; fileRef = 5B2D6B34233D177400588F14 /* Protobuf.framework */; };
		5B2D6B59233D177500588F14 /* FirebaseFunctions.framework in Frameworks */ = {isa = PBXBuildFile; fileRef = 5B2D6B35233D177400588F14 /* FirebaseFunctions.framework */; };
		5B2D6B5A233D177500588F14 /* MBProgressHUD.framework in Frameworks */ = {isa = PBXBuildFile; fileRef = 5B2D6B36233D177400588F14 /* MBProgressHUD.framework */; };
		5B2D6B68233D20FC00588F14 /* FirebaseStorage.framework in Frameworks */ = {isa = PBXBuildFile; fileRef = 5B2D6B67233D20FC00588F14 /* FirebaseStorage.framework */; };
		5B2D6B6A233D218800588F14 /* Accelerate.framework in Frameworks */ = {isa = PBXBuildFile; fileRef = 5B2D6B69233D218800588F14 /* Accelerate.framework */; };
		5B2D6B6C233D219500588F14 /* CoreData.framework in Frameworks */ = {isa = PBXBuildFile; fileRef = 5B2D6B6B233D219500588F14 /* CoreData.framework */; };
		5B2D6B6E233D21A100588F14 /* CoreGraphics.framework in Frameworks */ = {isa = PBXBuildFile; fileRef = 5B2D6B6D233D21A100588F14 /* CoreGraphics.framework */; };
		5B2D6B70233D21AC00588F14 /* CoreImage.framework in Frameworks */ = {isa = PBXBuildFile; fileRef = 5B2D6B6F233D21AC00588F14 /* CoreImage.framework */; };
		5B2D6B72233D21B500588F14 /* CoreTelephony.framework in Frameworks */ = {isa = PBXBuildFile; fileRef = 5B2D6B71233D21B500588F14 /* CoreTelephony.framework */; };
		5B2D6B74233D21C100588F14 /* CoreText.framework in Frameworks */ = {isa = PBXBuildFile; fileRef = 5B2D6B73233D21C100588F14 /* CoreText.framework */; };
		5B2D6B76233D21D300588F14 /* GLKit.framework in Frameworks */ = {isa = PBXBuildFile; fileRef = 5B2D6B75233D21D300588F14 /* GLKit.framework */; };
		5B2D6B78233D21DC00588F14 /* ImageIO.framework in Frameworks */ = {isa = PBXBuildFile; fileRef = 5B2D6B77233D21DC00588F14 /* ImageIO.framework */; };
		5B2D6B7A233D21FF00588F14 /* libc++.tbd in Frameworks */ = {isa = PBXBuildFile; fileRef = 5B2D6B79233D21FF00588F14 /* libc++.tbd */; };
		5B2D6B7C233D220D00588F14 /* libz.tbd in Frameworks */ = {isa = PBXBuildFile; fileRef = 5B2D6B7B233D220D00588F14 /* libz.tbd */; };
		5B2D6B7E233D221900588F14 /* OpenGLES.framework in Frameworks */ = {isa = PBXBuildFile; fileRef = 5B2D6B7D233D221900588F14 /* OpenGLES.framework */; };
		5B2D6B80233D222800588F14 /* QuartzCore.framework in Frameworks */ = {isa = PBXBuildFile; fileRef = 5B2D6B7F233D222800588F14 /* QuartzCore.framework */; };
		5B2D6B82233D223100588F14 /* SystemConfiguration.framework in Frameworks */ = {isa = PBXBuildFile; fileRef = 5B2D6B81233D223100588F14 /* SystemConfiguration.framework */; };
		5B2D6B84233D223A00588F14 /* UIKit.framework in Frameworks */ = {isa = PBXBuildFile; fileRef = 5B2D6B83233D223A00588F14 /* UIKit.framework */; };
		5B423473231B96DD00764D13 /* MapViewController.swift in Sources */ = {isa = PBXBuildFile; fileRef = 5B423472231B96DD00764D13 /* MapViewController.swift */; };
		5B423475231B96F400764D13 /* MapViewModel.swift in Sources */ = {isa = PBXBuildFile; fileRef = 5B423474231B96F400764D13 /* MapViewModel.swift */; };
		5B423477231B9DF500764D13 /* APIClient.swift in Sources */ = {isa = PBXBuildFile; fileRef = 5B423476231B9DF500764D13 /* APIClient.swift */; };
		5B42347B231BCD0E00764D13 /* Translator.swift in Sources */ = {isa = PBXBuildFile; fileRef = 5B42347A231BCD0E00764D13 /* Translator.swift */; };
		5B42347D231BE7A400764D13 /* UserAccountModel.swift in Sources */ = {isa = PBXBuildFile; fileRef = 5B42347C231BE7A400764D13 /* UserAccountModel.swift */; };
		5B42347F231BE80500764D13 /* UserAccountUseCase.swift in Sources */ = {isa = PBXBuildFile; fileRef = 5B42347E231BE80500764D13 /* UserAccountUseCase.swift */; };
		5B423481231BE89900764D13 /* UserAccountTranslator.swift in Sources */ = {isa = PBXBuildFile; fileRef = 5B423480231BE89900764D13 /* UserAccountTranslator.swift */; };
		5B423488231BE9C300764D13 /* UserAccountRepository.swift in Sources */ = {isa = PBXBuildFile; fileRef = 5B423487231BE9C300764D13 /* UserAccountRepository.swift */; };
		5B42348A231BFE9900764D13 /* ImageRepository.swift in Sources */ = {isa = PBXBuildFile; fileRef = 5B423489231BFE9900764D13 /* ImageRepository.swift */; };
		5B42348C231C018500764D13 /* LoginEntity.swift in Sources */ = {isa = PBXBuildFile; fileRef = 5B42348B231C018500764D13 /* LoginEntity.swift */; };
		5B42348E231C021100764D13 /* MapRepository.swift in Sources */ = {isa = PBXBuildFile; fileRef = 5B42348D231C021100764D13 /* MapRepository.swift */; };
		5B423490231C089700764D13 /* RouteEntity.swift in Sources */ = {isa = PBXBuildFile; fileRef = 5B42348F231C089700764D13 /* RouteEntity.swift */; };
		5B4822F122D999B80056991F /* AppDelegate.swift in Sources */ = {isa = PBXBuildFile; fileRef = 5B4822F022D999B80056991F /* AppDelegate.swift */; };
		5B4822F322D999B80056991F /* LaunchViewController.swift in Sources */ = {isa = PBXBuildFile; fileRef = 5B4822F222D999B80056991F /* LaunchViewController.swift */; };
		5B4822F622D999B80056991F /* LaunchViewController.storyboard in Resources */ = {isa = PBXBuildFile; fileRef = 5B4822F422D999B80056991F /* LaunchViewController.storyboard */; };
		5B4822F822D999BA0056991F /* Assets.xcassets in Resources */ = {isa = PBXBuildFile; fileRef = 5B4822F722D999BA0056991F /* Assets.xcassets */; };
		5B4822FB22D999BA0056991F /* LaunchScreen.storyboard in Resources */ = {isa = PBXBuildFile; fileRef = 5B4822F922D999BA0056991F /* LaunchScreen.storyboard */; };
		5B48231222D9A1F80056991F /* GoogleService-Info.plist in Resources */ = {isa = PBXBuildFile; fileRef = 5B48231122D9A1F80056991F /* GoogleService-Info.plist */; };
		5B48231522D9AB910056991F /* NSObjectProtcol+Extensions.swift in Sources */ = {isa = PBXBuildFile; fileRef = 5B48231422D9AB910056991F /* NSObjectProtcol+Extensions.swift */; };
		5B48231722D9ABEB0056991F /* Reusable+Extensions.swift in Sources */ = {isa = PBXBuildFile; fileRef = 5B48231622D9ABEB0056991F /* Reusable+Extensions.swift */; };
		5B48231B22D9B5D30056991F /* NavigationController.swift in Sources */ = {isa = PBXBuildFile; fileRef = 5B48231A22D9B5D30056991F /* NavigationController.swift */; };
		5B48232122D9C2080056991F /* LoginViewController.storyboard in Resources */ = {isa = PBXBuildFile; fileRef = 5B48232022D9C2080056991F /* LoginViewController.storyboard */; };
		5B48232322D9C2190056991F /* LoginViewController.swift in Sources */ = {isa = PBXBuildFile; fileRef = 5B48232222D9C2190056991F /* LoginViewController.swift */; };
		5B48232522D9C2890056991F /* LoginViewModel.swift in Sources */ = {isa = PBXBuildFile; fileRef = 5B48232422D9C2890056991F /* LoginViewModel.swift */; };
		5B48232722D9CD220056991F /* FirebaseAuthClient.swift in Sources */ = {isa = PBXBuildFile; fileRef = 5B48232622D9CD220056991F /* FirebaseAuthClient.swift */; };
		5B48232922DB40230056991F /* TabBarViewController.swift in Sources */ = {isa = PBXBuildFile; fileRef = 5B48232822DB40230056991F /* TabBarViewController.swift */; };
		5B48232D22DB40CE0056991F /* HomeViewController.storyboard in Resources */ = {isa = PBXBuildFile; fileRef = 5B48232C22DB40CE0056991F /* HomeViewController.storyboard */; };
		5B48232F22DB40DA0056991F /* HomeViewController.swift in Sources */ = {isa = PBXBuildFile; fileRef = 5B48232E22DB40DA0056991F /* HomeViewController.swift */; };
		5B48233122DB40E70056991F /* HomeViewModel.swift in Sources */ = {isa = PBXBuildFile; fileRef = 5B48233022DB40E70056991F /* HomeViewModel.swift */; };
		5B48233322DB41210056991F /* ProfileViewController.storyboard in Resources */ = {isa = PBXBuildFile; fileRef = 5B48233222DB41210056991F /* ProfileViewController.storyboard */; };
		5B48233522DB41310056991F /* ProfileViewModel.swift in Sources */ = {isa = PBXBuildFile; fileRef = 5B48233422DB41310056991F /* ProfileViewModel.swift */; };
		5B48233722DB413F0056991F /* ProfileViewController.swift in Sources */ = {isa = PBXBuildFile; fileRef = 5B48233622DB413F0056991F /* ProfileViewController.swift */; };
		5B48233922DB44970056991F /* FirebaseStorageClient.swift in Sources */ = {isa = PBXBuildFile; fileRef = 5B48233822DB44970056991F /* FirebaseStorageClient.swift */; };
		5B48233B22DB9B610056991F /* UIAlertController+Extensions.swift in Sources */ = {isa = PBXBuildFile; fileRef = 5B48233A22DB9B610056991F /* UIAlertController+Extensions.swift */; };
		5B48233D22DBDB210056991F /* CameraManager.swift in Sources */ = {isa = PBXBuildFile; fileRef = 5B48233C22DBDB210056991F /* CameraManager.swift */; };
		5B8D2E75233D88490010D5C2 /* GoogleMapsBase.framework in Frameworks */ = {isa = PBXBuildFile; fileRef = 5B8D2E74233D88490010D5C2 /* GoogleMapsBase.framework */; };
		5B8D2E77233D88550010D5C2 /* GoogleMaps.framework in Frameworks */ = {isa = PBXBuildFile; fileRef = 5B8D2E76233D88550010D5C2 /* GoogleMaps.framework */; };
		5B8D2E79233D88630010D5C2 /* GoogleMapsCore.framework in Frameworks */ = {isa = PBXBuildFile; fileRef = 5B8D2E78233D88630010D5C2 /* GoogleMapsCore.framework */; };
		5B8D2E81233D89760010D5C2 /* OutPutKeeperTests.swift in Sources */ = {isa = PBXBuildFile; fileRef = 5B8D2E80233D89760010D5C2 /* OutPutKeeperTests.swift */; };
		5BD44E4F233712DE003B4024 /* StoryBoardIdentifible.swift in Sources */ = {isa = PBXBuildFile; fileRef = 5BD44E4E233712DE003B4024 /* StoryBoardIdentifible.swift */; };
/* End PBXBuildFile section */

/* Begin PBXContainerItemProxy section */
		5B8D2E83233D89760010D5C2 /* PBXContainerItemProxy */ = {
			isa = PBXContainerItemProxy;
			containerPortal = 5B4822E522D999B80056991F /* Project object */;
			proxyType = 1;
			remoteGlobalIDString = 5B4822EC22D999B80056991F;
			remoteInfo = OutPutKeeper;
		};
/* End PBXContainerItemProxy section */

/* Begin PBXFileReference section */
		5B2D6B13233D177300588F14 /* Nimble.framework */ = {isa = PBXFileReference; lastKnownFileType = wrapper.framework; name = Nimble.framework; path = Carthage/Build/iOS/Nimble.framework; sourceTree = "<group>"; };
		5B2D6B14233D177300588F14 /* RxSwift.framework */ = {isa = PBXFileReference; lastKnownFileType = wrapper.framework; name = RxSwift.framework; path = Carthage/Build/iOS/RxSwift.framework; sourceTree = "<group>"; };
		5B2D6B15233D177300588F14 /* FirebaseInstanceID.framework */ = {isa = PBXFileReference; lastKnownFileType = wrapper.framework; name = FirebaseInstanceID.framework; path = Carthage/Build/iOS/FirebaseInstanceID.framework; sourceTree = "<group>"; };
		5B2D6B16233D177300588F14 /* nanopb.framework */ = {isa = PBXFileReference; lastKnownFileType = wrapper.framework; name = nanopb.framework; path = Carthage/Build/iOS/nanopb.framework; sourceTree = "<group>"; };
		5B2D6B17233D177300588F14 /* gRPC-Core.framework */ = {isa = PBXFileReference; lastKnownFileType = wrapper.framework; name = "gRPC-Core.framework"; path = "Carthage/Build/iOS/gRPC-Core.framework"; sourceTree = "<group>"; };
		5B2D6B18233D177300588F14 /* gRPC-C++.framework */ = {isa = PBXFileReference; lastKnownFileType = wrapper.framework; name = "gRPC-C++.framework"; path = "Carthage/Build/iOS/gRPC-C++.framework"; sourceTree = "<group>"; };
		5B2D6B19233D177300588F14 /* Lottie.framework */ = {isa = PBXFileReference; lastKnownFileType = wrapper.framework; name = Lottie.framework; path = Carthage/Build/iOS/Lottie.framework; sourceTree = "<group>"; };
		5B2D6B1A233D177300588F14 /* GTMAppAuth.framework */ = {isa = PBXFileReference; lastKnownFileType = wrapper.framework; name = GTMAppAuth.framework; path = Carthage/Build/iOS/GTMAppAuth.framework; sourceTree = "<group>"; };
		5B2D6B1B233D177300588F14 /* Firebase.framework */ = {isa = PBXFileReference; lastKnownFileType = wrapper.framework; name = Firebase.framework; path = Carthage/Build/iOS/Firebase.framework; sourceTree = "<group>"; };
		5B2D6B1C233D177300588F14 /* GoogleAppMeasurement.framework */ = {isa = PBXFileReference; lastKnownFileType = wrapper.framework; name = GoogleAppMeasurement.framework; path = Carthage/Build/iOS/GoogleAppMeasurement.framework; sourceTree = "<group>"; };
		5B2D6B1D233D177300588F14 /* leveldb-library.framework */ = {isa = PBXFileReference; lastKnownFileType = wrapper.framework; name = "leveldb-library.framework"; path = "Carthage/Build/iOS/leveldb-library.framework"; sourceTree = "<group>"; };
		5B2D6B1E233D177300588F14 /* GoogleDataTransportCCTSupport.framework */ = {isa = PBXFileReference; lastKnownFileType = wrapper.framework; name = GoogleDataTransportCCTSupport.framework; path = Carthage/Build/iOS/GoogleDataTransportCCTSupport.framework; sourceTree = "<group>"; };
		5B2D6B1F233D177400588F14 /* GTMSessionFetcher.framework */ = {isa = PBXFileReference; lastKnownFileType = wrapper.framework; name = GTMSessionFetcher.framework; path = Carthage/Build/iOS/GTMSessionFetcher.framework; sourceTree = "<group>"; };
		5B2D6B21233D177400588F14 /* Quick.framework */ = {isa = PBXFileReference; lastKnownFileType = wrapper.framework; name = Quick.framework; path = Carthage/Build/iOS/Quick.framework; sourceTree = "<group>"; };
		5B2D6B22233D177400588F14 /* RxRelay.framework */ = {isa = PBXFileReference; lastKnownFileType = wrapper.framework; name = RxRelay.framework; path = Carthage/Build/iOS/RxRelay.framework; sourceTree = "<group>"; };
		5B2D6B23233D177400588F14 /* AppAuth.framework */ = {isa = PBXFileReference; lastKnownFileType = wrapper.framework; name = AppAuth.framework; path = Carthage/Build/iOS/AppAuth.framework; sourceTree = "<group>"; };
		5B2D6B24233D177400588F14 /* FirebaseFirestore.framework */ = {isa = PBXFileReference; lastKnownFileType = wrapper.framework; name = FirebaseFirestore.framework; path = Carthage/Build/iOS/FirebaseFirestore.framework; sourceTree = "<group>"; };
		5B2D6B25233D177400588F14 /* FirebaseDynamicLinks.framework */ = {isa = PBXFileReference; lastKnownFileType = wrapper.framework; name = FirebaseDynamicLinks.framework; path = Carthage/Build/iOS/FirebaseDynamicLinks.framework; sourceTree = "<group>"; };
		5B2D6B26233D177400588F14 /* GoogleDataTransport.framework */ = {isa = PBXFileReference; lastKnownFileType = wrapper.framework; name = GoogleDataTransport.framework; path = Carthage/Build/iOS/GoogleDataTransport.framework; sourceTree = "<group>"; };
		5B2D6B27233D177400588F14 /* RxCocoa.framework */ = {isa = PBXFileReference; lastKnownFileType = wrapper.framework; name = RxCocoa.framework; path = Carthage/Build/iOS/RxCocoa.framework; sourceTree = "<group>"; };
		5B2D6B28233D177400588F14 /* FIRAnalyticsConnector.framework */ = {isa = PBXFileReference; lastKnownFileType = wrapper.framework; name = FIRAnalyticsConnector.framework; path = Carthage/Build/iOS/FIRAnalyticsConnector.framework; sourceTree = "<group>"; };
		5B2D6B29233D177400588F14 /* FirebaseCore.framework */ = {isa = PBXFileReference; lastKnownFileType = wrapper.framework; name = FirebaseCore.framework; path = Carthage/Build/iOS/FirebaseCore.framework; sourceTree = "<group>"; };
		5B2D6B2B233D177400588F14 /* GoogleUtilities.framework */ = {isa = PBXFileReference; lastKnownFileType = wrapper.framework; name = GoogleUtilities.framework; path = Carthage/Build/iOS/GoogleUtilities.framework; sourceTree = "<group>"; };
		5B2D6B2D233D177400588F14 /* FirebaseDatabase.framework */ = {isa = PBXFileReference; lastKnownFileType = wrapper.framework; name = FirebaseDatabase.framework; path = Carthage/Build/iOS/FirebaseDatabase.framework; sourceTree = "<group>"; };
		5B2D6B2E233D177400588F14 /* FirebaseInAppMessaging.framework */ = {isa = PBXFileReference; lastKnownFileType = wrapper.framework; name = FirebaseInAppMessaging.framework; path = Carthage/Build/iOS/FirebaseInAppMessaging.framework; sourceTree = "<group>"; };
		5B2D6B2F233D177400588F14 /* FirebaseCoreDiagnostics.framework */ = {isa = PBXFileReference; lastKnownFileType = wrapper.framework; name = FirebaseCoreDiagnostics.framework; path = Carthage/Build/iOS/FirebaseCoreDiagnostics.framework; sourceTree = "<group>"; };
		5B2D6B30233D177400588F14 /* FirebaseAnalytics.framework */ = {isa = PBXFileReference; lastKnownFileType = wrapper.framework; name = FirebaseAnalytics.framework; path = Carthage/Build/iOS/FirebaseAnalytics.framework; sourceTree = "<group>"; };
		5B2D6B31233D177400588F14 /* BoringSSL-GRPC.framework */ = {isa = PBXFileReference; lastKnownFileType = wrapper.framework; name = "BoringSSL-GRPC.framework"; path = "Carthage/Build/iOS/BoringSSL-GRPC.framework"; sourceTree = "<group>"; };
		5B2D6B32233D177400588F14 /* FirebaseAuth.framework */ = {isa = PBXFileReference; lastKnownFileType = wrapper.framework; name = FirebaseAuth.framework; path = Carthage/Build/iOS/FirebaseAuth.framework; sourceTree = "<group>"; };
		5B2D6B33233D177400588F14 /* Nuke.framework */ = {isa = PBXFileReference; lastKnownFileType = wrapper.framework; name = Nuke.framework; path = Carthage/Build/iOS/Nuke.framework; sourceTree = "<group>"; };
		5B2D6B34233D177400588F14 /* Protobuf.framework */ = {isa = PBXFileReference; lastKnownFileType = wrapper.framework; name = Protobuf.framework; path = Carthage/Build/iOS/Protobuf.framework; sourceTree = "<group>"; };
		5B2D6B35233D177400588F14 /* FirebaseFunctions.framework */ = {isa = PBXFileReference; lastKnownFileType = wrapper.framework; name = FirebaseFunctions.framework; path = Carthage/Build/iOS/FirebaseFunctions.framework; sourceTree = "<group>"; };
		5B2D6B36233D177400588F14 /* MBProgressHUD.framework */ = {isa = PBXFileReference; lastKnownFileType = wrapper.framework; name = MBProgressHUD.framework; path = Carthage/Build/iOS/MBProgressHUD.framework; sourceTree = "<group>"; };
		5B2D6B63233D1BE900588F14 /* input.xcfilelist */ = {isa = PBXFileReference; lastKnownFileType = text.xcfilelist; path = input.xcfilelist; sourceTree = "<group>"; };
		5B2D6B64233D1BF800588F14 /* output.xcfilelist */ = {isa = PBXFileReference; lastKnownFileType = text.xcfilelist; path = output.xcfilelist; sourceTree = "<group>"; };
		5B2D6B67233D20FC00588F14 /* FirebaseStorage.framework */ = {isa = PBXFileReference; lastKnownFileType = wrapper.framework; name = FirebaseStorage.framework; path = Carthage/Build/iOS/FirebaseStorage.framework; sourceTree = "<group>"; };
		5B2D6B69233D218800588F14 /* Accelerate.framework */ = {isa = PBXFileReference; lastKnownFileType = wrapper.framework; name = Accelerate.framework; path = System/Library/Frameworks/Accelerate.framework; sourceTree = SDKROOT; };
		5B2D6B6B233D219500588F14 /* CoreData.framework */ = {isa = PBXFileReference; lastKnownFileType = wrapper.framework; name = CoreData.framework; path = System/Library/Frameworks/CoreData.framework; sourceTree = SDKROOT; };
		5B2D6B6D233D21A100588F14 /* CoreGraphics.framework */ = {isa = PBXFileReference; lastKnownFileType = wrapper.framework; name = CoreGraphics.framework; path = System/Library/Frameworks/CoreGraphics.framework; sourceTree = SDKROOT; };
		5B2D6B6F233D21AC00588F14 /* CoreImage.framework */ = {isa = PBXFileReference; lastKnownFileType = wrapper.framework; name = CoreImage.framework; path = System/Library/Frameworks/CoreImage.framework; sourceTree = SDKROOT; };
		5B2D6B71233D21B500588F14 /* CoreTelephony.framework */ = {isa = PBXFileReference; lastKnownFileType = wrapper.framework; name = CoreTelephony.framework; path = System/Library/Frameworks/CoreTelephony.framework; sourceTree = SDKROOT; };
		5B2D6B73233D21C100588F14 /* CoreText.framework */ = {isa = PBXFileReference; lastKnownFileType = wrapper.framework; name = CoreText.framework; path = System/Library/Frameworks/CoreText.framework; sourceTree = SDKROOT; };
		5B2D6B75233D21D300588F14 /* GLKit.framework */ = {isa = PBXFileReference; lastKnownFileType = wrapper.framework; name = GLKit.framework; path = System/Library/Frameworks/GLKit.framework; sourceTree = SDKROOT; };
		5B2D6B77233D21DC00588F14 /* ImageIO.framework */ = {isa = PBXFileReference; lastKnownFileType = wrapper.framework; name = ImageIO.framework; path = System/Library/Frameworks/ImageIO.framework; sourceTree = SDKROOT; };
		5B2D6B79233D21FF00588F14 /* libc++.tbd */ = {isa = PBXFileReference; lastKnownFileType = "sourcecode.text-based-dylib-definition"; name = "libc++.tbd"; path = "usr/lib/libc++.tbd"; sourceTree = SDKROOT; };
		5B2D6B7B233D220D00588F14 /* libz.tbd */ = {isa = PBXFileReference; lastKnownFileType = "sourcecode.text-based-dylib-definition"; name = libz.tbd; path = usr/lib/libz.tbd; sourceTree = SDKROOT; };
		5B2D6B7D233D221900588F14 /* OpenGLES.framework */ = {isa = PBXFileReference; lastKnownFileType = wrapper.framework; name = OpenGLES.framework; path = System/Library/Frameworks/OpenGLES.framework; sourceTree = SDKROOT; };
		5B2D6B7F233D222800588F14 /* QuartzCore.framework */ = {isa = PBXFileReference; lastKnownFileType = wrapper.framework; name = QuartzCore.framework; path = System/Library/Frameworks/QuartzCore.framework; sourceTree = SDKROOT; };
		5B2D6B81233D223100588F14 /* SystemConfiguration.framework */ = {isa = PBXFileReference; lastKnownFileType = wrapper.framework; name = SystemConfiguration.framework; path = System/Library/Frameworks/SystemConfiguration.framework; sourceTree = SDKROOT; };
		5B2D6B83233D223A00588F14 /* UIKit.framework */ = {isa = PBXFileReference; lastKnownFileType = wrapper.framework; name = UIKit.framework; path = System/Library/Frameworks/UIKit.framework; sourceTree = SDKROOT; };
		5B2D6B85233D237700588F14 /* GoogleMaps.bundle */ = {isa = PBXFileReference; lastKnownFileType = "wrapper.plug-in"; name = GoogleMaps.bundle; path = "../../../Downloads/GoogleMaps-3.4.0/Maps/Frameworks/GoogleMaps.framework/Resources/GoogleMaps.bundle"; sourceTree = "<group>"; };
		5B423472231B96DD00764D13 /* MapViewController.swift */ = {isa = PBXFileReference; lastKnownFileType = sourcecode.swift; path = MapViewController.swift; sourceTree = "<group>"; };
		5B423474231B96F400764D13 /* MapViewModel.swift */ = {isa = PBXFileReference; lastKnownFileType = sourcecode.swift; path = MapViewModel.swift; sourceTree = "<group>"; };
		5B423476231B9DF500764D13 /* APIClient.swift */ = {isa = PBXFileReference; lastKnownFileType = sourcecode.swift; path = APIClient.swift; sourceTree = "<group>"; };
		5B42347A231BCD0E00764D13 /* Translator.swift */ = {isa = PBXFileReference; lastKnownFileType = sourcecode.swift; path = Translator.swift; sourceTree = "<group>"; };
		5B42347C231BE7A400764D13 /* UserAccountModel.swift */ = {isa = PBXFileReference; lastKnownFileType = sourcecode.swift; path = UserAccountModel.swift; sourceTree = "<group>"; };
		5B42347E231BE80500764D13 /* UserAccountUseCase.swift */ = {isa = PBXFileReference; lastKnownFileType = sourcecode.swift; path = UserAccountUseCase.swift; sourceTree = "<group>"; };
		5B423480231BE89900764D13 /* UserAccountTranslator.swift */ = {isa = PBXFileReference; lastKnownFileType = sourcecode.swift; path = UserAccountTranslator.swift; sourceTree = "<group>"; };
		5B423487231BE9C300764D13 /* UserAccountRepository.swift */ = {isa = PBXFileReference; lastKnownFileType = sourcecode.swift; path = UserAccountRepository.swift; sourceTree = "<group>"; };
		5B423489231BFE9900764D13 /* ImageRepository.swift */ = {isa = PBXFileReference; lastKnownFileType = sourcecode.swift; path = ImageRepository.swift; sourceTree = "<group>"; };
		5B42348B231C018500764D13 /* LoginEntity.swift */ = {isa = PBXFileReference; lastKnownFileType = sourcecode.swift; path = LoginEntity.swift; sourceTree = "<group>"; };
		5B42348D231C021100764D13 /* MapRepository.swift */ = {isa = PBXFileReference; lastKnownFileType = sourcecode.swift; path = MapRepository.swift; sourceTree = "<group>"; };
		5B42348F231C089700764D13 /* RouteEntity.swift */ = {isa = PBXFileReference; lastKnownFileType = sourcecode.swift; path = RouteEntity.swift; sourceTree = "<group>"; };
		5B4822ED22D999B80056991F /* OutPutKeeper.app */ = {isa = PBXFileReference; explicitFileType = wrapper.application; includeInIndex = 0; path = OutPutKeeper.app; sourceTree = BUILT_PRODUCTS_DIR; };
		5B4822F022D999B80056991F /* AppDelegate.swift */ = {isa = PBXFileReference; lastKnownFileType = sourcecode.swift; path = AppDelegate.swift; sourceTree = "<group>"; };
		5B4822F222D999B80056991F /* LaunchViewController.swift */ = {isa = PBXFileReference; lastKnownFileType = sourcecode.swift; path = LaunchViewController.swift; sourceTree = "<group>"; };
		5B4822F522D999B80056991F /* Base */ = {isa = PBXFileReference; lastKnownFileType = file.storyboard; name = Base; path = Base.lproj/LaunchViewController.storyboard; sourceTree = "<group>"; };
		5B4822F722D999BA0056991F /* Assets.xcassets */ = {isa = PBXFileReference; lastKnownFileType = folder.assetcatalog; path = Assets.xcassets; sourceTree = "<group>"; };
		5B4822FA22D999BA0056991F /* Base */ = {isa = PBXFileReference; lastKnownFileType = file.storyboard; name = Base; path = Base.lproj/LaunchScreen.storyboard; sourceTree = "<group>"; };
		5B4822FC22D999BA0056991F /* Info.plist */ = {isa = PBXFileReference; lastKnownFileType = text.plist.xml; path = Info.plist; sourceTree = "<group>"; };
		5B48231122D9A1F80056991F /* GoogleService-Info.plist */ = {isa = PBXFileReference; fileEncoding = 4; lastKnownFileType = text.plist.xml; path = "GoogleService-Info.plist"; sourceTree = "<group>"; };
		5B48231422D9AB910056991F /* NSObjectProtcol+Extensions.swift */ = {isa = PBXFileReference; lastKnownFileType = sourcecode.swift; path = "NSObjectProtcol+Extensions.swift"; sourceTree = "<group>"; };
		5B48231622D9ABEB0056991F /* Reusable+Extensions.swift */ = {isa = PBXFileReference; lastKnownFileType = sourcecode.swift; path = "Reusable+Extensions.swift"; sourceTree = "<group>"; };
		5B48231A22D9B5D30056991F /* NavigationController.swift */ = {isa = PBXFileReference; lastKnownFileType = sourcecode.swift; path = NavigationController.swift; sourceTree = "<group>"; };
		5B48232022D9C2080056991F /* LoginViewController.storyboard */ = {isa = PBXFileReference; lastKnownFileType = file.storyboard; path = LoginViewController.storyboard; sourceTree = "<group>"; };
		5B48232222D9C2190056991F /* LoginViewController.swift */ = {isa = PBXFileReference; lastKnownFileType = sourcecode.swift; path = LoginViewController.swift; sourceTree = "<group>"; };
		5B48232422D9C2890056991F /* LoginViewModel.swift */ = {isa = PBXFileReference; lastKnownFileType = sourcecode.swift; path = LoginViewModel.swift; sourceTree = "<group>"; };
		5B48232622D9CD220056991F /* FirebaseAuthClient.swift */ = {isa = PBXFileReference; lastKnownFileType = sourcecode.swift; path = FirebaseAuthClient.swift; sourceTree = "<group>"; };
		5B48232822DB40230056991F /* TabBarViewController.swift */ = {isa = PBXFileReference; lastKnownFileType = sourcecode.swift; path = TabBarViewController.swift; sourceTree = "<group>"; };
		5B48232C22DB40CE0056991F /* HomeViewController.storyboard */ = {isa = PBXFileReference; lastKnownFileType = file.storyboard; path = HomeViewController.storyboard; sourceTree = "<group>"; };
		5B48232E22DB40DA0056991F /* HomeViewController.swift */ = {isa = PBXFileReference; lastKnownFileType = sourcecode.swift; path = HomeViewController.swift; sourceTree = "<group>"; };
		5B48233022DB40E70056991F /* HomeViewModel.swift */ = {isa = PBXFileReference; lastKnownFileType = sourcecode.swift; path = HomeViewModel.swift; sourceTree = "<group>"; };
		5B48233222DB41210056991F /* ProfileViewController.storyboard */ = {isa = PBXFileReference; lastKnownFileType = file.storyboard; path = ProfileViewController.storyboard; sourceTree = "<group>"; };
		5B48233422DB41310056991F /* ProfileViewModel.swift */ = {isa = PBXFileReference; lastKnownFileType = sourcecode.swift; path = ProfileViewModel.swift; sourceTree = "<group>"; };
		5B48233622DB413F0056991F /* ProfileViewController.swift */ = {isa = PBXFileReference; lastKnownFileType = sourcecode.swift; path = ProfileViewController.swift; sourceTree = "<group>"; };
		5B48233822DB44970056991F /* FirebaseStorageClient.swift */ = {isa = PBXFileReference; lastKnownFileType = sourcecode.swift; path = FirebaseStorageClient.swift; sourceTree = "<group>"; };
		5B48233A22DB9B610056991F /* UIAlertController+Extensions.swift */ = {isa = PBXFileReference; lastKnownFileType = sourcecode.swift; path = "UIAlertController+Extensions.swift"; sourceTree = "<group>"; };
		5B48233C22DBDB210056991F /* CameraManager.swift */ = {isa = PBXFileReference; lastKnownFileType = sourcecode.swift; path = CameraManager.swift; sourceTree = "<group>"; };
		5B8D2E74233D88490010D5C2 /* GoogleMapsBase.framework */ = {isa = PBXFileReference; lastKnownFileType = wrapper.framework; path = GoogleMapsBase.framework; sourceTree = "<group>"; };
		5B8D2E76233D88550010D5C2 /* GoogleMaps.framework */ = {isa = PBXFileReference; lastKnownFileType = wrapper.framework; path = GoogleMaps.framework; sourceTree = "<group>"; };
		5B8D2E78233D88630010D5C2 /* GoogleMapsCore.framework */ = {isa = PBXFileReference; lastKnownFileType = wrapper.framework; path = GoogleMapsCore.framework; sourceTree = "<group>"; };
		5B8D2E7E233D89760010D5C2 /* OutPutKeeperTests.xctest */ = {isa = PBXFileReference; explicitFileType = wrapper.cfbundle; includeInIndex = 0; path = OutPutKeeperTests.xctest; sourceTree = BUILT_PRODUCTS_DIR; };
		5B8D2E80233D89760010D5C2 /* OutPutKeeperTests.swift */ = {isa = PBXFileReference; lastKnownFileType = sourcecode.swift; path = OutPutKeeperTests.swift; sourceTree = "<group>"; };
		5B8D2E82233D89760010D5C2 /* Info.plist */ = {isa = PBXFileReference; lastKnownFileType = text.plist.xml; path = Info.plist; sourceTree = "<group>"; };
		5BD44E4E233712DE003B4024 /* StoryBoardIdentifible.swift */ = {isa = PBXFileReference; lastKnownFileType = sourcecode.swift; path = StoryBoardIdentifible.swift; sourceTree = "<group>"; };
/* End PBXFileReference section */

/* Begin PBXFrameworksBuildPhase section */
		5B4822EA22D999B80056991F /* Frameworks */ = {
			isa = PBXFrameworksBuildPhase;
			buildActionMask = 2147483647;
			files = (
				5B2D6B84233D223A00588F14 /* UIKit.framework in Frameworks */,
				5B2D6B82233D223100588F14 /* SystemConfiguration.framework in Frameworks */,
				5B2D6B80233D222800588F14 /* QuartzCore.framework in Frameworks */,
				5B8D2E75233D88490010D5C2 /* GoogleMapsBase.framework in Frameworks */,
				5B2D6B7E233D221900588F14 /* OpenGLES.framework in Frameworks */,
				5B2D6B7C233D220D00588F14 /* libz.tbd in Frameworks */,
				5B2D6B7A233D21FF00588F14 /* libc++.tbd in Frameworks */,
				5B2D6B78233D21DC00588F14 /* ImageIO.framework in Frameworks */,
				5B2D6B76233D21D300588F14 /* GLKit.framework in Frameworks */,
				5B2D6B74233D21C100588F14 /* CoreText.framework in Frameworks */,
				5B2D6B72233D21B500588F14 /* CoreTelephony.framework in Frameworks */,
				5B2D6B70233D21AC00588F14 /* CoreImage.framework in Frameworks */,
				5B2D6B6E233D21A100588F14 /* CoreGraphics.framework in Frameworks */,
				5B2D6B6C233D219500588F14 /* CoreData.framework in Frameworks */,
				5B2D6B6A233D218800588F14 /* Accelerate.framework in Frameworks */,
				5B2D6B68233D20FC00588F14 /* FirebaseStorage.framework in Frameworks */,
				5B2D6B37233D177400588F14 /* Nimble.framework in Frameworks */,
				5B2D6B38233D177400588F14 /* RxSwift.framework in Frameworks */,
				5B2D6B39233D177400588F14 /* FirebaseInstanceID.framework in Frameworks */,
				5B8D2E77233D88550010D5C2 /* GoogleMaps.framework in Frameworks */,
				5B2D6B3A233D177400588F14 /* nanopb.framework in Frameworks */,
				5B2D6B3B233D177400588F14 /* gRPC-Core.framework in Frameworks */,
				5B2D6B3C233D177400588F14 /* gRPC-C++.framework in Frameworks */,
				5B8D2E79233D88630010D5C2 /* GoogleMapsCore.framework in Frameworks */,
				5B2D6B3D233D177400588F14 /* Lottie.framework in Frameworks */,
				5B2D6B3E233D177400588F14 /* GTMAppAuth.framework in Frameworks */,
				5B2D6B3F233D177400588F14 /* Firebase.framework in Frameworks */,
				5B2D6B40233D177400588F14 /* GoogleAppMeasurement.framework in Frameworks */,
				5B2D6B41233D177400588F14 /* leveldb-library.framework in Frameworks */,
				5B2D6B42233D177400588F14 /* GoogleDataTransportCCTSupport.framework in Frameworks */,
				5B2D6B43233D177400588F14 /* GTMSessionFetcher.framework in Frameworks */,
				5B2D6B45233D177500588F14 /* Quick.framework in Frameworks */,
				5B2D6B46233D177500588F14 /* RxRelay.framework in Frameworks */,
				5B2D6B47233D177500588F14 /* AppAuth.framework in Frameworks */,
				5B2D6B48233D177500588F14 /* FirebaseFirestore.framework in Frameworks */,
				5B2D6B49233D177500588F14 /* FirebaseDynamicLinks.framework in Frameworks */,
				5B2D6B4A233D177500588F14 /* GoogleDataTransport.framework in Frameworks */,
				5B2D6B4B233D177500588F14 /* RxCocoa.framework in Frameworks */,
				5B2D6B4C233D177500588F14 /* FIRAnalyticsConnector.framework in Frameworks */,
				5B2D6B4D233D177500588F14 /* FirebaseCore.framework in Frameworks */,
				5B2D6B4F233D177500588F14 /* GoogleUtilities.framework in Frameworks */,
				5B2D6B51233D177500588F14 /* FirebaseDatabase.framework in Frameworks */,
				5B2D6B53233D177500588F14 /* FirebaseCoreDiagnostics.framework in Frameworks */,
				5B2D6B54233D177500588F14 /* FirebaseAnalytics.framework in Frameworks */,
				5B2D6B55233D177500588F14 /* BoringSSL-GRPC.framework in Frameworks */,
				5B2D6B56233D177500588F14 /* FirebaseAuth.framework in Frameworks */,
				5B2D6B57233D177500588F14 /* Nuke.framework in Frameworks */,
				5B2D6B58233D177500588F14 /* Protobuf.framework in Frameworks */,
				5B2D6B59233D177500588F14 /* FirebaseFunctions.framework in Frameworks */,
				5B2D6B5A233D177500588F14 /* MBProgressHUD.framework in Frameworks */,
			);
			runOnlyForDeploymentPostprocessing = 0;
		};
		5B8D2E7B233D89760010D5C2 /* Frameworks */ = {
			isa = PBXFrameworksBuildPhase;
			buildActionMask = 2147483647;
			files = (
			);
			runOnlyForDeploymentPostprocessing = 0;
		};
/* End PBXFrameworksBuildPhase section */

/* Begin PBXGroup section */
		1998927E1E3B3352ACF98F7A /* Frameworks */ = {
			isa = PBXGroup;
			children = (
				5B8D2E74233D88490010D5C2 /* GoogleMapsBase.framework */,
				5B8D2E76233D88550010D5C2 /* GoogleMaps.framework */,
				5B8D2E78233D88630010D5C2 /* GoogleMapsCore.framework */,
				5B2D6B83233D223A00588F14 /* UIKit.framework */,
				5B2D6B81233D223100588F14 /* SystemConfiguration.framework */,
				5B2D6B7F233D222800588F14 /* QuartzCore.framework */,
				5B2D6B7D233D221900588F14 /* OpenGLES.framework */,
				5B2D6B7B233D220D00588F14 /* libz.tbd */,
				5B2D6B79233D21FF00588F14 /* libc++.tbd */,
				5B2D6B77233D21DC00588F14 /* ImageIO.framework */,
				5B2D6B75233D21D300588F14 /* GLKit.framework */,
				5B2D6B73233D21C100588F14 /* CoreText.framework */,
				5B2D6B71233D21B500588F14 /* CoreTelephony.framework */,
				5B2D6B6F233D21AC00588F14 /* CoreImage.framework */,
				5B2D6B6D233D21A100588F14 /* CoreGraphics.framework */,
				5B2D6B6B233D219500588F14 /* CoreData.framework */,
				5B2D6B69233D218800588F14 /* Accelerate.framework */,
				5B2D6B67233D20FC00588F14 /* FirebaseStorage.framework */,
				5B2D6B23233D177400588F14 /* AppAuth.framework */,
				5B2D6B31233D177400588F14 /* BoringSSL-GRPC.framework */,
				5B2D6B28233D177400588F14 /* FIRAnalyticsConnector.framework */,
				5B2D6B1B233D177300588F14 /* Firebase.framework */,
				5B2D6B30233D177400588F14 /* FirebaseAnalytics.framework */,
				5B2D6B32233D177400588F14 /* FirebaseAuth.framework */,
				5B2D6B29233D177400588F14 /* FirebaseCore.framework */,
				5B2D6B2F233D177400588F14 /* FirebaseCoreDiagnostics.framework */,
				5B2D6B2D233D177400588F14 /* FirebaseDatabase.framework */,
				5B2D6B25233D177400588F14 /* FirebaseDynamicLinks.framework */,
				5B2D6B24233D177400588F14 /* FirebaseFirestore.framework */,
				5B2D6B35233D177400588F14 /* FirebaseFunctions.framework */,
				5B2D6B2E233D177400588F14 /* FirebaseInAppMessaging.framework */,
				5B2D6B15233D177300588F14 /* FirebaseInstanceID.framework */,
				5B2D6B1C233D177300588F14 /* GoogleAppMeasurement.framework */,
				5B2D6B26233D177400588F14 /* GoogleDataTransport.framework */,
				5B2D6B1E233D177300588F14 /* GoogleDataTransportCCTSupport.framework */,
				5B2D6B2B233D177400588F14 /* GoogleUtilities.framework */,
				5B2D6B18233D177300588F14 /* gRPC-C++.framework */,
				5B2D6B17233D177300588F14 /* gRPC-Core.framework */,
				5B2D6B1A233D177300588F14 /* GTMAppAuth.framework */,
				5B2D6B1F233D177400588F14 /* GTMSessionFetcher.framework */,
				5B2D6B1D233D177300588F14 /* leveldb-library.framework */,
				5B2D6B19233D177300588F14 /* Lottie.framework */,
				5B2D6B36233D177400588F14 /* MBProgressHUD.framework */,
				5B2D6B16233D177300588F14 /* nanopb.framework */,
				5B2D6B13233D177300588F14 /* Nimble.framework */,
				5B2D6B33233D177400588F14 /* Nuke.framework */,
				5B2D6B34233D177400588F14 /* Protobuf.framework */,
				5B2D6B21233D177400588F14 /* Quick.framework */,
				5B2D6B27233D177400588F14 /* RxCocoa.framework */,
				5B2D6B22233D177400588F14 /* RxRelay.framework */,
				5B2D6B14233D177300588F14 /* RxSwift.framework */,
			);
			name = Frameworks;
			sourceTree = "<group>";
		};
		5B423471231B96C900764D13 /* Map */ = {
			isa = PBXGroup;
			children = (
				5B423472231B96DD00764D13 /* MapViewController.swift */,
				5B423474231B96F400764D13 /* MapViewModel.swift */,
			);
			path = Map;
			sourceTree = "<group>";
		};
		5B423478231BCCA700764D13 /* DataLayer */ = {
			isa = PBXGroup;
			children = (
				5B423483231BE93E00764D13 /* Entity */,
				5B423482231BE93400764D13 /* Repository */,
				5B48232622D9CD220056991F /* FirebaseAuthClient.swift */,
				5B48233822DB44970056991F /* FirebaseStorageClient.swift */,
				5B423476231B9DF500764D13 /* APIClient.swift */,
			);
			path = DataLayer;
			sourceTree = "<group>";
		};
		5B423479231BCCDA00764D13 /* DomainLayer */ = {
			isa = PBXGroup;
			children = (
				5B423486231BE98E00764D13 /* UseCase */,
				5B423485231BE97D00764D13 /* Translator */,
				5B423484231BE97000764D13 /* Entity */,
			);
			path = DomainLayer;
			sourceTree = "<group>";
		};
		5B423482231BE93400764D13 /* Repository */ = {
			isa = PBXGroup;
			children = (
				5B423487231BE9C300764D13 /* UserAccountRepository.swift */,
				5B423489231BFE9900764D13 /* ImageRepository.swift */,
				5B42348D231C021100764D13 /* MapRepository.swift */,
			);
			path = Repository;
			sourceTree = "<group>";
		};
		5B423483231BE93E00764D13 /* Entity */ = {
			isa = PBXGroup;
			children = (
				5B42348B231C018500764D13 /* LoginEntity.swift */,
				5B42348F231C089700764D13 /* RouteEntity.swift */,
			);
			path = Entity;
			sourceTree = "<group>";
		};
		5B423484231BE97000764D13 /* Entity */ = {
			isa = PBXGroup;
			children = (
				5B42347C231BE7A400764D13 /* UserAccountModel.swift */,
			);
			path = Entity;
			sourceTree = "<group>";
		};
		5B423485231BE97D00764D13 /* Translator */ = {
			isa = PBXGroup;
			children = (
				5B42347A231BCD0E00764D13 /* Translator.swift */,
				5B423480231BE89900764D13 /* UserAccountTranslator.swift */,
			);
			path = Translator;
			sourceTree = "<group>";
		};
		5B423486231BE98E00764D13 /* UseCase */ = {
			isa = PBXGroup;
			children = (
				5B42347E231BE80500764D13 /* UserAccountUseCase.swift */,
			);
			path = UseCase;
			sourceTree = "<group>";
		};
		5B4822E422D999B80056991F = {
			isa = PBXGroup;
			children = (
				5B2D6B63233D1BE900588F14 /* input.xcfilelist */,
				5B2D6B64233D1BF800588F14 /* output.xcfilelist */,
				5B4822EF22D999B80056991F /* OutPutKeeper */,
				5B8D2E7F233D89760010D5C2 /* OutPutKeeperTests */,
				5B4822EE22D999B80056991F /* Products */,
				1998927E1E3B3352ACF98F7A /* Frameworks */,
			);
			sourceTree = "<group>";
		};
		5B4822EE22D999B80056991F /* Products */ = {
			isa = PBXGroup;
			children = (
				5B4822ED22D999B80056991F /* OutPutKeeper.app */,
				5B8D2E7E233D89760010D5C2 /* OutPutKeeperTests.xctest */,
			);
			name = Products;
			sourceTree = "<group>";
		};
		5B4822EF22D999B80056991F /* OutPutKeeper */ = {
			isa = PBXGroup;
			children = (
				5B423478231BCCA700764D13 /* DataLayer */,
				5B423479231BCCDA00764D13 /* DomainLayer */,
				5B48231C22D9BC520056991F /* PresentationLayer */,
				5B48231922D9B5920056991F /* Common */,
				5B48231322D9AB480056991F /* Utility */,
				5B4822F022D999B80056991F /* AppDelegate.swift */,
				5B4822F722D999BA0056991F /* Assets.xcassets */,
				5B4822F922D999BA0056991F /* LaunchScreen.storyboard */,
				5B48231122D9A1F80056991F /* GoogleService-Info.plist */,
				5B4822FC22D999BA0056991F /* Info.plist */,
				5B2D6B85233D237700588F14 /* GoogleMaps.bundle */,
			);
			path = OutPutKeeper;
			sourceTree = "<group>";
		};
		5B48231322D9AB480056991F /* Utility */ = {
			isa = PBXGroup;
			children = (
				5B48231822D9B5550056991F /* Extensions */,
			);
			path = Utility;
			sourceTree = "<group>";
		};
		5B48231822D9B5550056991F /* Extensions */ = {
			isa = PBXGroup;
			children = (
				5B48231422D9AB910056991F /* NSObjectProtcol+Extensions.swift */,
				5B48231622D9ABEB0056991F /* Reusable+Extensions.swift */,
				5B48233A22DB9B610056991F /* UIAlertController+Extensions.swift */,
			);
			path = Extensions;
			sourceTree = "<group>";
		};
		5B48231922D9B5920056991F /* Common */ = {
			isa = PBXGroup;
			children = (
				5B48231A22D9B5D30056991F /* NavigationController.swift */,
				5B48232822DB40230056991F /* TabBarViewController.swift */,
				5B48233C22DBDB210056991F /* CameraManager.swift */,
				5BD44E4E233712DE003B4024 /* StoryBoardIdentifible.swift */,
			);
			path = Common;
			sourceTree = "<group>";
		};
		5B48231C22D9BC520056991F /* PresentationLayer */ = {
			isa = PBXGroup;
			children = (
				5B423471231B96C900764D13 /* Map */,
				5B48231D22D9BC670056991F /* Launch */,
				5B48231F22D9C1E80056991F /* Login */,
				5B48232A22DB40920056991F /* Home */,
				5B48232B22DB409C0056991F /* Profile */,
			);
			path = PresentationLayer;
			sourceTree = "<group>";
		};
		5B48231D22D9BC670056991F /* Launch */ = {
			isa = PBXGroup;
			children = (
				5B4822F222D999B80056991F /* LaunchViewController.swift */,
				5B4822F422D999B80056991F /* LaunchViewController.storyboard */,
			);
			path = Launch;
			sourceTree = "<group>";
		};
		5B48231F22D9C1E80056991F /* Login */ = {
			isa = PBXGroup;
			children = (
				5B48232022D9C2080056991F /* LoginViewController.storyboard */,
				5B48232222D9C2190056991F /* LoginViewController.swift */,
				5B48232422D9C2890056991F /* LoginViewModel.swift */,
			);
			path = Login;
			sourceTree = "<group>";
		};
		5B48232A22DB40920056991F /* Home */ = {
			isa = PBXGroup;
			children = (
				5B48232C22DB40CE0056991F /* HomeViewController.storyboard */,
				5B48232E22DB40DA0056991F /* HomeViewController.swift */,
				5B48233022DB40E70056991F /* HomeViewModel.swift */,
			);
			path = Home;
			sourceTree = "<group>";
		};
		5B48232B22DB409C0056991F /* Profile */ = {
			isa = PBXGroup;
			children = (
				5B48233222DB41210056991F /* ProfileViewController.storyboard */,
				5B48233622DB413F0056991F /* ProfileViewController.swift */,
				5B48233422DB41310056991F /* ProfileViewModel.swift */,
			);
			path = Profile;
			sourceTree = "<group>";
		};
		5B8D2E7F233D89760010D5C2 /* OutPutKeeperTests */ = {
			isa = PBXGroup;
			children = (
				5B8D2E80233D89760010D5C2 /* OutPutKeeperTests.swift */,
				5B8D2E82233D89760010D5C2 /* Info.plist */,
			);
			path = OutPutKeeperTests;
			sourceTree = "<group>";
		};
/* End PBXGroup section */

/* Begin PBXNativeTarget section */
		5B4822EC22D999B80056991F /* OutPutKeeper */ = {
			isa = PBXNativeTarget;
			buildConfigurationList = 5B48230A22D999BA0056991F /* Build configuration list for PBXNativeTarget "OutPutKeeper" */;
			buildPhases = (
				5B4822E922D999B80056991F /* Sources */,
				5B4822EA22D999B80056991F /* Frameworks */,
				5B4822EB22D999B80056991F /* Resources */,
				5B48231022D99D5E0056991F /* SwiftLint */,
				5B2D6B62233D1B8A00588F14 /* Carthage */,
			);
			buildRules = (
			);
			dependencies = (
			);
			name = OutPutKeeper;
			productName = OutPutKeeper;
			productReference = 5B4822ED22D999B80056991F /* OutPutKeeper.app */;
			productType = "com.apple.product-type.application";
		};
		5B8D2E7D233D89760010D5C2 /* OutPutKeeperTests */ = {
			isa = PBXNativeTarget;
			buildConfigurationList = 5B8D2E85233D89760010D5C2 /* Build configuration list for PBXNativeTarget "OutPutKeeperTests" */;
			buildPhases = (
				5B8D2E7A233D89760010D5C2 /* Sources */,
				5B8D2E7B233D89760010D5C2 /* Frameworks */,
				5B8D2E7C233D89760010D5C2 /* Resources */,
			);
			buildRules = (
			);
			dependencies = (
				5B8D2E84233D89760010D5C2 /* PBXTargetDependency */,
			);
			name = OutPutKeeperTests;
			productName = OutPutKeeperTests;
			productReference = 5B8D2E7E233D89760010D5C2 /* OutPutKeeperTests.xctest */;
			productType = "com.apple.product-type.bundle.unit-test";
		};
/* End PBXNativeTarget section */

/* Begin PBXProject section */
		5B4822E522D999B80056991F /* Project object */ = {
			isa = PBXProject;
			attributes = {
				LastSwiftUpdateCheck = 1020;
				LastUpgradeCheck = 1020;
				ORGANIZATIONNAME = "Iichiro Kawashima";
				TargetAttributes = {
					5B4822EC22D999B80056991F = {
						CreatedOnToolsVersion = 10.2.1;
					};
					5B8D2E7D233D89760010D5C2 = {
						CreatedOnToolsVersion = 10.2.1;
						TestTargetID = 5B4822EC22D999B80056991F;
					};
				};
			};
			buildConfigurationList = 5B4822E822D999B80056991F /* Build configuration list for PBXProject "OutPutKeeper" */;
			compatibilityVersion = "Xcode 9.3";
			developmentRegion = en;
			hasScannedForEncodings = 0;
			knownRegions = (
				en,
				Base,
			);
			mainGroup = 5B4822E422D999B80056991F;
			productRefGroup = 5B4822EE22D999B80056991F /* Products */;
			projectDirPath = "";
			projectRoot = "";
			targets = (
				5B4822EC22D999B80056991F /* OutPutKeeper */,
				5B8D2E7D233D89760010D5C2 /* OutPutKeeperTests */,
			);
		};
/* End PBXProject section */

/* Begin PBXResourcesBuildPhase section */
		5B4822EB22D999B80056991F /* Resources */ = {
			isa = PBXResourcesBuildPhase;
			buildActionMask = 2147483647;
			files = (
				5B4822FB22D999BA0056991F /* LaunchScreen.storyboard in Resources */,
				5B48233322DB41210056991F /* ProfileViewController.storyboard in Resources */,
				5B48231222D9A1F80056991F /* GoogleService-Info.plist in Resources */,
				5B48232D22DB40CE0056991F /* HomeViewController.storyboard in Resources */,
				5B48232122D9C2080056991F /* LoginViewController.storyboard in Resources */,
				5B4822F822D999BA0056991F /* Assets.xcassets in Resources */,
				5B4822F622D999B80056991F /* LaunchViewController.storyboard in Resources */,
			);
			runOnlyForDeploymentPostprocessing = 0;
		};
		5B8D2E7C233D89760010D5C2 /* Resources */ = {
			isa = PBXResourcesBuildPhase;
			buildActionMask = 2147483647;
			files = (
			);
			runOnlyForDeploymentPostprocessing = 0;
		};
/* End PBXResourcesBuildPhase section */

/* Begin PBXShellScriptBuildPhase section */
		5B2D6B62233D1B8A00588F14 /* Carthage */ = {
			isa = PBXShellScriptBuildPhase;
			buildActionMask = 2147483647;
			files = (
			);
			inputFileListPaths = (
				"$(SRCROOT)/input.xcfilelist",
			);
			inputPaths = (
			);
			name = Carthage;
			outputFileListPaths = (
				"$(SRCROOT)/output.xcfilelist",
			);
			outputPaths = (
			);
			runOnlyForDeploymentPostprocessing = 0;
			shellPath = /bin/sh;
			shellScript = "# Type a script or drag a script file from your workspace to insert its path.\n/usr/local/bin/carthage copy-frameworks\n";
		};
		5B48231022D99D5E0056991F /* SwiftLint */ = {
			isa = PBXShellScriptBuildPhase;
			buildActionMask = 2147483647;
			files = (
			);
			inputFileListPaths = (
			);
			inputPaths = (
			);
			name = SwiftLint;
			outputFileListPaths = (
			);
			outputPaths = (
			);
			runOnlyForDeploymentPostprocessing = 0;
			shellPath = /bin/sh;
			shellScript = "if which \"${PODS_ROOT}/SwiftLint/swiftlint\" >/dev/null; then\nswiftlint autocorrect --format\nswiftlint\nelse\necho \"warning: SwiftLint not installed, download from https://github.com/realm/SwiftLint\"\nfi\n";
		};
/* End PBXShellScriptBuildPhase section */

/* Begin PBXSourcesBuildPhase section */
		5B4822E922D999B80056991F /* Sources */ = {
			isa = PBXSourcesBuildPhase;
			buildActionMask = 2147483647;
			files = (
				5B42347F231BE80500764D13 /* UserAccountUseCase.swift in Sources */,
				5B48232322D9C2190056991F /* LoginViewController.swift in Sources */,
				5B48233122DB40E70056991F /* HomeViewModel.swift in Sources */,
				5BD44E4F233712DE003B4024 /* StoryBoardIdentifible.swift in Sources */,
				5B48233D22DBDB210056991F /* CameraManager.swift in Sources */,
				5B423490231C089700764D13 /* RouteEntity.swift in Sources */,
				5B48231722D9ABEB0056991F /* Reusable+Extensions.swift in Sources */,
				5B48232722D9CD220056991F /* FirebaseAuthClient.swift in Sources */,
				5B4822F322D999B80056991F /* LaunchViewController.swift in Sources */,
				5B42348E231C021100764D13 /* MapRepository.swift in Sources */,
				5B423477231B9DF500764D13 /* APIClient.swift in Sources */,
				5B48232922DB40230056991F /* TabBarViewController.swift in Sources */,
				5B48233522DB41310056991F /* ProfileViewModel.swift in Sources */,
				5B48232F22DB40DA0056991F /* HomeViewController.swift in Sources */,
				5B48231B22D9B5D30056991F /* NavigationController.swift in Sources */,
				5B42348A231BFE9900764D13 /* ImageRepository.swift in Sources */,
				5B4822F122D999B80056991F /* AppDelegate.swift in Sources */,
				5B42347D231BE7A400764D13 /* UserAccountModel.swift in Sources */,
				5B48233B22DB9B610056991F /* UIAlertController+Extensions.swift in Sources */,
				5B48233722DB413F0056991F /* ProfileViewController.swift in Sources */,
				5B48231522D9AB910056991F /* NSObjectProtcol+Extensions.swift in Sources */,
				5B48233922DB44970056991F /* FirebaseStorageClient.swift in Sources */,
				5B423488231BE9C300764D13 /* UserAccountRepository.swift in Sources */,
				5B423481231BE89900764D13 /* UserAccountTranslator.swift in Sources */,
				5B48232522D9C2890056991F /* LoginViewModel.swift in Sources */,
				5B42347B231BCD0E00764D13 /* Translator.swift in Sources */,
				5B423473231B96DD00764D13 /* MapViewController.swift in Sources */,
				5B42348C231C018500764D13 /* LoginEntity.swift in Sources */,
				5B423475231B96F400764D13 /* MapViewModel.swift in Sources */,
			);
			runOnlyForDeploymentPostprocessing = 0;
		};
		5B8D2E7A233D89760010D5C2 /* Sources */ = {
			isa = PBXSourcesBuildPhase;
			buildActionMask = 2147483647;
			files = (
				5B8D2E81233D89760010D5C2 /* OutPutKeeperTests.swift in Sources */,
			);
			runOnlyForDeploymentPostprocessing = 0;
		};
/* End PBXSourcesBuildPhase section */

/* Begin PBXTargetDependency section */
		5B8D2E84233D89760010D5C2 /* PBXTargetDependency */ = {
			isa = PBXTargetDependency;
			target = 5B4822EC22D999B80056991F /* OutPutKeeper */;
			targetProxy = 5B8D2E83233D89760010D5C2 /* PBXContainerItemProxy */;
		};
/* End PBXTargetDependency section */

/* Begin PBXVariantGroup section */
		5B4822F422D999B80056991F /* LaunchViewController.storyboard */ = {
			isa = PBXVariantGroup;
			children = (
				5B4822F522D999B80056991F /* Base */,
			);
			name = LaunchViewController.storyboard;
			sourceTree = "<group>";
		};
		5B4822F922D999BA0056991F /* LaunchScreen.storyboard */ = {
			isa = PBXVariantGroup;
			children = (
				5B4822FA22D999BA0056991F /* Base */,
			);
			name = LaunchScreen.storyboard;
			sourceTree = "<group>";
		};
/* End PBXVariantGroup section */

/* Begin XCBuildConfiguration section */
		5B48230822D999BA0056991F /* Debug */ = {
			isa = XCBuildConfiguration;
			buildSettings = {
				ALWAYS_SEARCH_USER_PATHS = NO;
				CLANG_ANALYZER_NONNULL = YES;
				CLANG_ANALYZER_NUMBER_OBJECT_CONVERSION = YES_AGGRESSIVE;
				CLANG_CXX_LANGUAGE_STANDARD = "gnu++14";
				CLANG_CXX_LIBRARY = "libc++";
				CLANG_ENABLE_MODULES = YES;
				CLANG_ENABLE_OBJC_ARC = YES;
				CLANG_ENABLE_OBJC_WEAK = YES;
				CLANG_WARN_BLOCK_CAPTURE_AUTORELEASING = YES;
				CLANG_WARN_BOOL_CONVERSION = YES;
				CLANG_WARN_COMMA = YES;
				CLANG_WARN_CONSTANT_CONVERSION = YES;
				CLANG_WARN_DEPRECATED_OBJC_IMPLEMENTATIONS = YES;
				CLANG_WARN_DIRECT_OBJC_ISA_USAGE = YES_ERROR;
				CLANG_WARN_DOCUMENTATION_COMMENTS = YES;
				CLANG_WARN_EMPTY_BODY = YES;
				CLANG_WARN_ENUM_CONVERSION = YES;
				CLANG_WARN_INFINITE_RECURSION = YES;
				CLANG_WARN_INT_CONVERSION = YES;
				CLANG_WARN_NON_LITERAL_NULL_CONVERSION = YES;
				CLANG_WARN_OBJC_IMPLICIT_RETAIN_SELF = YES;
				CLANG_WARN_OBJC_LITERAL_CONVERSION = YES;
				CLANG_WARN_OBJC_ROOT_CLASS = YES_ERROR;
				CLANG_WARN_RANGE_LOOP_ANALYSIS = YES;
				CLANG_WARN_STRICT_PROTOTYPES = YES;
				CLANG_WARN_SUSPICIOUS_MOVE = YES;
				CLANG_WARN_UNGUARDED_AVAILABILITY = YES_AGGRESSIVE;
				CLANG_WARN_UNREACHABLE_CODE = YES;
				CLANG_WARN__DUPLICATE_METHOD_MATCH = YES;
				CODE_SIGN_IDENTITY = "iPhone Developer: Iichiro Kawashima (C2BG5T25U6)";
				CODE_SIGN_STYLE = Manual;
				COPY_PHASE_STRIP = NO;
				DEBUG_INFORMATION_FORMAT = dwarf;
				ENABLE_STRICT_OBJC_MSGSEND = YES;
				ENABLE_TESTABILITY = YES;
				GCC_C_LANGUAGE_STANDARD = gnu11;
				GCC_DYNAMIC_NO_PIC = NO;
				GCC_NO_COMMON_BLOCKS = YES;
				GCC_OPTIMIZATION_LEVEL = 0;
				GCC_PREPROCESSOR_DEFINITIONS = (
					"DEBUG=1",
					"$(inherited)",
				);
				GCC_WARN_64_TO_32_BIT_CONVERSION = YES;
				GCC_WARN_ABOUT_RETURN_TYPE = YES_ERROR;
				GCC_WARN_UNDECLARED_SELECTOR = YES;
				GCC_WARN_UNINITIALIZED_AUTOS = YES_AGGRESSIVE;
				GCC_WARN_UNUSED_FUNCTION = YES;
				GCC_WARN_UNUSED_VARIABLE = YES;
				IPHONEOS_DEPLOYMENT_TARGET = 11.4;
				MTL_ENABLE_DEBUG_INFO = INCLUDE_SOURCE;
				MTL_FAST_MATH = YES;
				ONLY_ACTIVE_ARCH = YES;
				OTHER_LDFLAGS = "-ObjC";
				SDKROOT = iphoneos;
				SWIFT_ACTIVE_COMPILATION_CONDITIONS = DEBUG;
				SWIFT_OPTIMIZATION_LEVEL = "-Onone";
			};
			name = Debug;
		};
		5B48230922D999BA0056991F /* Release */ = {
			isa = XCBuildConfiguration;
			buildSettings = {
				ALWAYS_SEARCH_USER_PATHS = NO;
				CLANG_ANALYZER_NONNULL = YES;
				CLANG_ANALYZER_NUMBER_OBJECT_CONVERSION = YES_AGGRESSIVE;
				CLANG_CXX_LANGUAGE_STANDARD = "gnu++14";
				CLANG_CXX_LIBRARY = "libc++";
				CLANG_ENABLE_MODULES = YES;
				CLANG_ENABLE_OBJC_ARC = YES;
				CLANG_ENABLE_OBJC_WEAK = YES;
				CLANG_WARN_BLOCK_CAPTURE_AUTORELEASING = YES;
				CLANG_WARN_BOOL_CONVERSION = YES;
				CLANG_WARN_COMMA = YES;
				CLANG_WARN_CONSTANT_CONVERSION = YES;
				CLANG_WARN_DEPRECATED_OBJC_IMPLEMENTATIONS = YES;
				CLANG_WARN_DIRECT_OBJC_ISA_USAGE = YES_ERROR;
				CLANG_WARN_DOCUMENTATION_COMMENTS = YES;
				CLANG_WARN_EMPTY_BODY = YES;
				CLANG_WARN_ENUM_CONVERSION = YES;
				CLANG_WARN_INFINITE_RECURSION = YES;
				CLANG_WARN_INT_CONVERSION = YES;
				CLANG_WARN_NON_LITERAL_NULL_CONVERSION = YES;
				CLANG_WARN_OBJC_IMPLICIT_RETAIN_SELF = YES;
				CLANG_WARN_OBJC_LITERAL_CONVERSION = YES;
				CLANG_WARN_OBJC_ROOT_CLASS = YES_ERROR;
				CLANG_WARN_RANGE_LOOP_ANALYSIS = YES;
				CLANG_WARN_STRICT_PROTOTYPES = YES;
				CLANG_WARN_SUSPICIOUS_MOVE = YES;
				CLANG_WARN_UNGUARDED_AVAILABILITY = YES_AGGRESSIVE;
				CLANG_WARN_UNREACHABLE_CODE = YES;
				CLANG_WARN__DUPLICATE_METHOD_MATCH = YES;
				CODE_SIGN_IDENTITY = "iPhone Developer: Iichiro Kawashima (C2BG5T25U6)";
				CODE_SIGN_STYLE = Manual;
				COPY_PHASE_STRIP = NO;
				DEBUG_INFORMATION_FORMAT = "dwarf-with-dsym";
				ENABLE_NS_ASSERTIONS = NO;
				ENABLE_STRICT_OBJC_MSGSEND = YES;
				GCC_C_LANGUAGE_STANDARD = gnu11;
				GCC_NO_COMMON_BLOCKS = YES;
				GCC_WARN_64_TO_32_BIT_CONVERSION = YES;
				GCC_WARN_ABOUT_RETURN_TYPE = YES_ERROR;
				GCC_WARN_UNDECLARED_SELECTOR = YES;
				GCC_WARN_UNINITIALIZED_AUTOS = YES_AGGRESSIVE;
				GCC_WARN_UNUSED_FUNCTION = YES;
				GCC_WARN_UNUSED_VARIABLE = YES;
				IPHONEOS_DEPLOYMENT_TARGET = 11.4;
				MTL_ENABLE_DEBUG_INFO = NO;
				MTL_FAST_MATH = YES;
				OTHER_LDFLAGS = "-ObjC";
				SDKROOT = iphoneos;
				SWIFT_COMPILATION_MODE = wholemodule;
				SWIFT_OPTIMIZATION_LEVEL = "-O";
				VALIDATE_PRODUCT = YES;
			};
			name = Release;
		};
		5B48230B22D999BA0056991F /* Debug */ = {
			isa = XCBuildConfiguration;
			buildSettings = {
				ASSETCATALOG_COMPILER_APPICON_NAME = AppIcon;
				CODE_SIGN_IDENTITY = "iPhone Developer: Iichiro Kawashima (C2BG5T25U6)";
				CODE_SIGN_STYLE = Manual;
				DEBUG_INFORMATION_FORMAT = "dwarf-with-dsym";
				DEVELOPMENT_TEAM = PGP7B8YQAS;
				FRAMEWORK_SEARCH_PATHS = (
					"$(inherited)",
					"$(PROJECT_DIR)/Carthage/Build/iOS",
					"$(PROJECT_DIR)",
					"$(PROJECT_DIR)/OutPutKeeper",
				);
				INFOPLIST_FILE = OutPutKeeper/Info.plist;
				IPHONEOS_DEPLOYMENT_TARGET = 11.4;
				LD_RUNPATH_SEARCH_PATHS = (
					"$(inherited)",
					"@executable_path/Frameworks",
				);
				OTHER_LDFLAGS = "-ObjC";
				PRODUCT_BUNDLE_IDENTIFIER = com.IichiroKawashima.OutPutKeeper;
				PRODUCT_NAME = "$(TARGET_NAME)";
				PROVISIONING_PROFILE_SPECIFIER = Wildcard;
				SWIFT_VERSION = 5.0;
				TARGETED_DEVICE_FAMILY = "1,2";
			};
			name = Debug;
		};
		5B48230C22D999BA0056991F /* Release */ = {
			isa = XCBuildConfiguration;
			buildSettings = {
				ASSETCATALOG_COMPILER_APPICON_NAME = AppIcon;
				CODE_SIGN_IDENTITY = "iPhone Developer: Iichiro Kawashima (C2BG5T25U6)";
				CODE_SIGN_STYLE = Manual;
				DEVELOPMENT_TEAM = PGP7B8YQAS;
				FRAMEWORK_SEARCH_PATHS = (
					"$(inherited)",
					"$(PROJECT_DIR)/Carthage/Build/iOS",
					"$(PROJECT_DIR)",
					"$(PROJECT_DIR)/OutPutKeeper",
				);
				INFOPLIST_FILE = OutPutKeeper/Info.plist;
				IPHONEOS_DEPLOYMENT_TARGET = 11.4;
				LD_RUNPATH_SEARCH_PATHS = (
					"$(inherited)",
					"@executable_path/Frameworks",
				);
				OTHER_LDFLAGS = "-ObjC";
				PRODUCT_BUNDLE_IDENTIFIER = com.IichiroKawashima.OutPutKeeper;
				PRODUCT_NAME = "$(TARGET_NAME)";
				PROVISIONING_PROFILE_SPECIFIER = Wildcard;
				SWIFT_VERSION = 5.0;
				TARGETED_DEVICE_FAMILY = "1,2";
			};
			name = Release;
		};
		5B8D2E86233D89760010D5C2 /* Debug */ = {
			isa = XCBuildConfiguration;
			buildSettings = {
				BUNDLE_LOADER = "$(TEST_HOST)";
				CODE_SIGN_IDENTITY = "iPhone Developer";
				CODE_SIGN_STYLE = Automatic;
				DEVELOPMENT_TEAM = PGP7B8YQAS;
				INFOPLIST_FILE = OutPutKeeperTests/Info.plist;
				IPHONEOS_DEPLOYMENT_TARGET = 12.2;
				LD_RUNPATH_SEARCH_PATHS = (
					"$(inherited)",
					"@executable_path/Frameworks",
					"@loader_path/Frameworks",
				);
				PRODUCT_BUNDLE_IDENTIFIER = com.IichiroKawashima.OutPutKeeperTests;
				PRODUCT_NAME = "$(TARGET_NAME)";
				SWIFT_VERSION = 5.0;
				TARGETED_DEVICE_FAMILY = "1,2";
				TEST_HOST = "$(BUILT_PRODUCTS_DIR)/OutPutKeeper.app/OutPutKeeper";
			};
			name = Debug;
		};
		5B8D2E87233D89760010D5C2 /* Release */ = {
			isa = XCBuildConfiguration;
			buildSettings = {
				BUNDLE_LOADER = "$(TEST_HOST)";
				CODE_SIGN_IDENTITY = "iPhone Developer";
				CODE_SIGN_STYLE = Automatic;
				DEVELOPMENT_TEAM = PGP7B8YQAS;
				INFOPLIST_FILE = OutPutKeeperTests/Info.plist;
				IPHONEOS_DEPLOYMENT_TARGET = 12.2;
				LD_RUNPATH_SEARCH_PATHS = (
					"$(inherited)",
					"@executable_path/Frameworks",
					"@loader_path/Frameworks",
				);
				PRODUCT_BUNDLE_IDENTIFIER = com.IichiroKawashima.OutPutKeeperTests;
				PRODUCT_NAME = "$(TARGET_NAME)";
				SWIFT_VERSION = 5.0;
				TARGETED_DEVICE_FAMILY = "1,2";
				TEST_HOST = "$(BUILT_PRODUCTS_DIR)/OutPutKeeper.app/OutPutKeeper";
			};
			name = Release;
		};
/* End XCBuildConfiguration section */

/* Begin XCConfigurationList section */
		5B4822E822D999B80056991F /* Build configuration list for PBXProject "OutPutKeeper" */ = {
			isa = XCConfigurationList;
			buildConfigurations = (
				5B48230822D999BA0056991F /* Debug */,
				5B48230922D999BA0056991F /* Release */,
			);
			defaultConfigurationIsVisible = 0;
			defaultConfigurationName = Release;
		};
		5B48230A22D999BA0056991F /* Build configuration list for PBXNativeTarget "OutPutKeeper" */ = {
			isa = XCConfigurationList;
			buildConfigurations = (
				5B48230B22D999BA0056991F /* Debug */,
				5B48230C22D999BA0056991F /* Release */,
			);
			defaultConfigurationIsVisible = 0;
			defaultConfigurationName = Release;
		};
		5B8D2E85233D89760010D5C2 /* Build configuration list for PBXNativeTarget "OutPutKeeperTests" */ = {
			isa = XCConfigurationList;
			buildConfigurations = (
				5B8D2E86233D89760010D5C2 /* Debug */,
				5B8D2E87233D89760010D5C2 /* Release */,
			);
			defaultConfigurationIsVisible = 0;
			defaultConfigurationName = Release;
		};
/* End XCConfigurationList section */
	};
	rootObject = 5B4822E522D999B80056991F /* Project object */;
}
